
Microsoft Visual Studio Solution File, Format Version 12.00
# Visual Studio 15
VisualStudioVersion = 15.0.26124.0
MinimumVisualStudioVersion = 15.0.26124.0
Project("{9A19103F-16F7-4668-BE54-9A1E7A4F7556}") = "R5T.D0029.Construction", "R5T.D0029.Construction\R5T.D0029.Construction.csproj", "{4C28FA9E-9E3B-4B43-A0CA-B75F8ABA08B2}"
EndProject
Project("{9A19103F-16F7-4668-BE54-9A1E7A4F7556}") = "R5T.D0029", "R5T.D0029\R5T.D0029.csproj", "{3B93D2BC-9BB2-454D-866C-493F0BBB787E}"
EndProject
Project("{9A19103F-16F7-4668-BE54-9A1E7A4F7556}") = "R5T.D0029.Base", "R5T.D0029.Base\R5T.D0029.Base.csproj", "{1795C2FA-C68F-4F00-8213-D295E950F878}"
EndProject
Project("{2150E333-8FDC-42A3-9474-1A3956D46DE8}") = "_Dependencies", "_Dependencies", "{18E49D60-084F-4197-B957-FBC7FD25F605}"
EndProject
Project("{9A19103F-16F7-4668-BE54-9A1E7A4F7556}") = "R5T.D0013.Base", "..\..\R5T.D0013\source\R5T.D0013.Base\R5T.D0013.Base.csproj", "{725FE97F-F9E1-4371-B780-2DB028F89298}"
EndProject
Project("{9A19103F-16F7-4668-BE54-9A1E7A4F7556}") = "R5T.T0002", "..\..\R5T.T0002\source\R5T.T0002\R5T.T0002.csproj", "{A4054381-716C-4E21-8584-CB411F47AB48}"
EndProject
Project("{9A19103F-16F7-4668-BE54-9A1E7A4F7556}") = "R5T.Ostersund", "..\..\R5T.Ostersund\source\R5T.Ostersund\R5T.Ostersund.csproj", "{AE1954A2-3239-4AC8-81D4-81D1D5B4ACFF}"
EndProject
Project("{9A19103F-16F7-4668-BE54-9A1E7A4F7556}") = "R5T.T0003", "..\..\R5T.T0003\source\R5T.T0003\R5T.T0003.csproj", "{772FF8F5-495C-4530-99B2-C22D63941A17}"
EndProject
Project("{9A19103F-16F7-4668-BE54-9A1E7A4F7556}") = "R5T.D0029.Default", "R5T.D0029.Default\R5T.D0029.Default.csproj", "{75F171F2-4CA6-4220-A1D5-68C83D58714F}"
EndProject
Project("{9A19103F-16F7-4668-BE54-9A1E7A4F7556}") = "R5T.D0019.Base", "..\..\R5T.D0019\source\R5T.D0019.Base\R5T.D0019.Base.csproj", "{EFC707D8-BF58-4BB8-A538-4274736EFA30}"
EndProject
Project("{9A19103F-16F7-4668-BE54-9A1E7A4F7556}") = "R5T.D0021.Base", "..\..\R5T.D0021\source\R5T.D0021.Base\R5T.D0021.Base.csproj", "{F2BA195D-8A27-4A50-990B-30DC30CE49D1}"
EndProject
Project("{9A19103F-16F7-4668-BE54-9A1E7A4F7556}") = "R5T.T0004", "..\..\R5T.T0004\source\R5T.T0004\R5T.T0004.csproj", "{ED7FC2CF-E281-452A-971D-84763BE24B30}"
EndProject
Project("{9A19103F-16F7-4668-BE54-9A1E7A4F7556}") = "R5T.T0005", "..\..\R5T.T0005\source\R5T.T0005\R5T.T0005.csproj", "{3F9176C7-FF23-4E83-A61A-1B84C22CECDB}"
EndProject
Project("{9A19103F-16F7-4668-BE54-9A1E7A4F7556}") = "R5T.Amphipolis", "..\..\R5T.Amphipolis\source\R5T.Amphipolis\R5T.Amphipolis.csproj", "{3D5BBE52-1772-470E-B9B1-F60466AF2F26}"
EndProject
Project("{9A19103F-16F7-4668-BE54-9A1E7A4F7556}") = "R5T.Magyar", "..\..\R5T.Magyar\source\R5T.Magyar\R5T.Magyar.csproj", "{C6BBC19B-F8A0-4C6A-A9ED-6CCCFE1AA3F1}"
EndProject
Project("{9A19103F-16F7-4668-BE54-9A1E7A4F7556}") = "R5T.T0006", "..\..\R5T.T0006\source\R5T.T0006\R5T.T0006.csproj", "{891FBBE1-92C8-4A58-92B5-0A7D37A197F9}"
EndProject
Project("{9A19103F-16F7-4668-BE54-9A1E7A4F7556}") = "R5T.Ostersund.Extensions", "..\..\R5T.Ostersund\source\R5T.Ostersund.Extensions\R5T.Ostersund.Extensions.csproj", "{BB9A7248-CC2C-4D0E-BDB8-C8FFC29D2298}"
EndProject
Project("{9A19103F-16F7-4668-BE54-9A1E7A4F7556}") = "R5T.Angleterria", "..\..\R5T.Angleterria\source\R5T.Angleterria\R5T.Angleterria.csproj", "{D56ABB45-9B10-4C39-B955-58FBF75C3C0B}"
EndProject
Project("{9A19103F-16F7-4668-BE54-9A1E7A4F7556}") = "R5T.Dacia.Extensions", "..\..\R5T.Dacia.Extensions\source\R5T.Dacia.Extensions\R5T.Dacia.Extensions.csproj", "{89CF5A5F-A27B-46C4-BBAA-95A92593671A}"
EndProject
Project("{9A19103F-16F7-4668-BE54-9A1E7A4F7556}") = "R5T.Dacia", "..\..\R5T.Dacia\source\R5T.Dacia\R5T.Dacia.csproj", "{65A538A6-CF79-4AE0-966D-7FE7B6E848AC}"
EndProject
Global
	GlobalSection(SolutionConfigurationPlatforms) = preSolution
		Debug|Any CPU = Debug|Any CPU
		Debug|x64 = Debug|x64
		Debug|x86 = Debug|x86
		Release|Any CPU = Release|Any CPU
		Release|x64 = Release|x64
		Release|x86 = Release|x86
	EndGlobalSection
	GlobalSection(ProjectConfigurationPlatforms) = postSolution
		{4C28FA9E-9E3B-4B43-A0CA-B75F8ABA08B2}.Debug|Any CPU.ActiveCfg = Debug|Any CPU
		{4C28FA9E-9E3B-4B43-A0CA-B75F8ABA08B2}.Debug|Any CPU.Build.0 = Debug|Any CPU
		{4C28FA9E-9E3B-4B43-A0CA-B75F8ABA08B2}.Debug|x64.ActiveCfg = Debug|Any CPU
		{4C28FA9E-9E3B-4B43-A0CA-B75F8ABA08B2}.Debug|x64.Build.0 = Debug|Any CPU
		{4C28FA9E-9E3B-4B43-A0CA-B75F8ABA08B2}.Debug|x86.ActiveCfg = Debug|Any CPU
		{4C28FA9E-9E3B-4B43-A0CA-B75F8ABA08B2}.Debug|x86.Build.0 = Debug|Any CPU
		{4C28FA9E-9E3B-4B43-A0CA-B75F8ABA08B2}.Release|Any CPU.ActiveCfg = Release|Any CPU
		{4C28FA9E-9E3B-4B43-A0CA-B75F8ABA08B2}.Release|Any CPU.Build.0 = Release|Any CPU
		{4C28FA9E-9E3B-4B43-A0CA-B75F8ABA08B2}.Release|x64.ActiveCfg = Release|Any CPU
		{4C28FA9E-9E3B-4B43-A0CA-B75F8ABA08B2}.Release|x64.Build.0 = Release|Any CPU
		{4C28FA9E-9E3B-4B43-A0CA-B75F8ABA08B2}.Release|x86.ActiveCfg = Release|Any CPU
		{4C28FA9E-9E3B-4B43-A0CA-B75F8ABA08B2}.Release|x86.Build.0 = Release|Any CPU
		{3B93D2BC-9BB2-454D-866C-493F0BBB787E}.Debug|Any CPU.ActiveCfg = Debug|Any CPU
		{3B93D2BC-9BB2-454D-866C-493F0BBB787E}.Debug|Any CPU.Build.0 = Debug|Any CPU
		{3B93D2BC-9BB2-454D-866C-493F0BBB787E}.Debug|x64.ActiveCfg = Debug|Any CPU
		{3B93D2BC-9BB2-454D-866C-493F0BBB787E}.Debug|x64.Build.0 = Debug|Any CPU
		{3B93D2BC-9BB2-454D-866C-493F0BBB787E}.Debug|x86.ActiveCfg = Debug|Any CPU
		{3B93D2BC-9BB2-454D-866C-493F0BBB787E}.Debug|x86.Build.0 = Debug|Any CPU
		{3B93D2BC-9BB2-454D-866C-493F0BBB787E}.Release|Any CPU.ActiveCfg = Release|Any CPU
		{3B93D2BC-9BB2-454D-866C-493F0BBB787E}.Release|Any CPU.Build.0 = Release|Any CPU
		{3B93D2BC-9BB2-454D-866C-493F0BBB787E}.Release|x64.ActiveCfg = Release|Any CPU
		{3B93D2BC-9BB2-454D-866C-493F0BBB787E}.Release|x64.Build.0 = Release|Any CPU
		{3B93D2BC-9BB2-454D-866C-493F0BBB787E}.Release|x86.ActiveCfg = Release|Any CPU
		{3B93D2BC-9BB2-454D-866C-493F0BBB787E}.Release|x86.Build.0 = Release|Any CPU
		{1795C2FA-C68F-4F00-8213-D295E950F878}.Debug|Any CPU.ActiveCfg = Debug|Any CPU
		{1795C2FA-C68F-4F00-8213-D295E950F878}.Debug|Any CPU.Build.0 = Debug|Any CPU
		{1795C2FA-C68F-4F00-8213-D295E950F878}.Debug|x64.ActiveCfg = Debug|Any CPU
		{1795C2FA-C68F-4F00-8213-D295E950F878}.Debug|x64.Build.0 = Debug|Any CPU
		{1795C2FA-C68F-4F00-8213-D295E950F878}.Debug|x86.ActiveCfg = Debug|Any CPU
		{1795C2FA-C68F-4F00-8213-D295E950F878}.Debug|x86.Build.0 = Debug|Any CPU
		{1795C2FA-C68F-4F00-8213-D295E950F878}.Release|Any CPU.ActiveCfg = Release|Any CPU
		{1795C2FA-C68F-4F00-8213-D295E950F878}.Release|Any CPU.Build.0 = Release|Any CPU
		{1795C2FA-C68F-4F00-8213-D295E950F878}.Release|x64.ActiveCfg = Release|Any CPU
		{1795C2FA-C68F-4F00-8213-D295E950F878}.Release|x64.Build.0 = Release|Any CPU
		{1795C2FA-C68F-4F00-8213-D295E950F878}.Release|x86.ActiveCfg = Release|Any CPU
		{1795C2FA-C68F-4F00-8213-D295E950F878}.Release|x86.Build.0 = Release|Any CPU
		{725FE97F-F9E1-4371-B780-2DB028F89298}.Debug|Any CPU.ActiveCfg = Debug|Any CPU
		{725FE97F-F9E1-4371-B780-2DB028F89298}.Debug|Any CPU.Build.0 = Debug|Any CPU
		{725FE97F-F9E1-4371-B780-2DB028F89298}.Debug|x64.ActiveCfg = Debug|Any CPU
		{725FE97F-F9E1-4371-B780-2DB028F89298}.Debug|x64.Build.0 = Debug|Any CPU
		{725FE97F-F9E1-4371-B780-2DB028F89298}.Debug|x86.ActiveCfg = Debug|Any CPU
		{725FE97F-F9E1-4371-B780-2DB028F89298}.Debug|x86.Build.0 = Debug|Any CPU
		{725FE97F-F9E1-4371-B780-2DB028F89298}.Release|Any CPU.ActiveCfg = Release|Any CPU
		{725FE97F-F9E1-4371-B780-2DB028F89298}.Release|Any CPU.Build.0 = Release|Any CPU
		{725FE97F-F9E1-4371-B780-2DB028F89298}.Release|x64.ActiveCfg = Release|Any CPU
		{725FE97F-F9E1-4371-B780-2DB028F89298}.Release|x64.Build.0 = Release|Any CPU
		{725FE97F-F9E1-4371-B780-2DB028F89298}.Release|x86.ActiveCfg = Release|Any CPU
		{725FE97F-F9E1-4371-B780-2DB028F89298}.Release|x86.Build.0 = Release|Any CPU
		{A4054381-716C-4E21-8584-CB411F47AB48}.Debug|Any CPU.ActiveCfg = Debug|Any CPU
		{A4054381-716C-4E21-8584-CB411F47AB48}.Debug|Any CPU.Build.0 = Debug|Any CPU
		{A4054381-716C-4E21-8584-CB411F47AB48}.Debug|x64.ActiveCfg = Debug|Any CPU
		{A4054381-716C-4E21-8584-CB411F47AB48}.Debug|x64.Build.0 = Debug|Any CPU
		{A4054381-716C-4E21-8584-CB411F47AB48}.Debug|x86.ActiveCfg = Debug|Any CPU
		{A4054381-716C-4E21-8584-CB411F47AB48}.Debug|x86.Build.0 = Debug|Any CPU
		{A4054381-716C-4E21-8584-CB411F47AB48}.Release|Any CPU.ActiveCfg = Release|Any CPU
		{A4054381-716C-4E21-8584-CB411F47AB48}.Release|Any CPU.Build.0 = Release|Any CPU
		{A4054381-716C-4E21-8584-CB411F47AB48}.Release|x64.ActiveCfg = Release|Any CPU
		{A4054381-716C-4E21-8584-CB411F47AB48}.Release|x64.Build.0 = Release|Any CPU
		{A4054381-716C-4E21-8584-CB411F47AB48}.Release|x86.ActiveCfg = Release|Any CPU
		{A4054381-716C-4E21-8584-CB411F47AB48}.Release|x86.Build.0 = Release|Any CPU
		{AE1954A2-3239-4AC8-81D4-81D1D5B4ACFF}.Debug|Any CPU.ActiveCfg = Debug|Any CPU
		{AE1954A2-3239-4AC8-81D4-81D1D5B4ACFF}.Debug|Any CPU.Build.0 = Debug|Any CPU
		{AE1954A2-3239-4AC8-81D4-81D1D5B4ACFF}.Debug|x64.ActiveCfg = Debug|Any CPU
		{AE1954A2-3239-4AC8-81D4-81D1D5B4ACFF}.Debug|x64.Build.0 = Debug|Any CPU
		{AE1954A2-3239-4AC8-81D4-81D1D5B4ACFF}.Debug|x86.ActiveCfg = Debug|Any CPU
		{AE1954A2-3239-4AC8-81D4-81D1D5B4ACFF}.Debug|x86.Build.0 = Debug|Any CPU
		{AE1954A2-3239-4AC8-81D4-81D1D5B4ACFF}.Release|Any CPU.ActiveCfg = Release|Any CPU
		{AE1954A2-3239-4AC8-81D4-81D1D5B4ACFF}.Release|Any CPU.Build.0 = Release|Any CPU
		{AE1954A2-3239-4AC8-81D4-81D1D5B4ACFF}.Release|x64.ActiveCfg = Release|Any CPU
		{AE1954A2-3239-4AC8-81D4-81D1D5B4ACFF}.Release|x64.Build.0 = Release|Any CPU
		{AE1954A2-3239-4AC8-81D4-81D1D5B4ACFF}.Release|x86.ActiveCfg = Release|Any CPU
		{AE1954A2-3239-4AC8-81D4-81D1D5B4ACFF}.Release|x86.Build.0 = Release|Any CPU
		{772FF8F5-495C-4530-99B2-C22D63941A17}.Debug|Any CPU.ActiveCfg = Debug|Any CPU
		{772FF8F5-495C-4530-99B2-C22D63941A17}.Debug|Any CPU.Build.0 = Debug|Any CPU
		{772FF8F5-495C-4530-99B2-C22D63941A17}.Debug|x64.ActiveCfg = Debug|Any CPU
		{772FF8F5-495C-4530-99B2-C22D63941A17}.Debug|x64.Build.0 = Debug|Any CPU
		{772FF8F5-495C-4530-99B2-C22D63941A17}.Debug|x86.ActiveCfg = Debug|Any CPU
		{772FF8F5-495C-4530-99B2-C22D63941A17}.Debug|x86.Build.0 = Debug|Any CPU
		{772FF8F5-495C-4530-99B2-C22D63941A17}.Release|Any CPU.ActiveCfg = Release|Any CPU
		{772FF8F5-495C-4530-99B2-C22D63941A17}.Release|Any CPU.Build.0 = Release|Any CPU
		{772FF8F5-495C-4530-99B2-C22D63941A17}.Release|x64.ActiveCfg = Release|Any CPU
		{772FF8F5-495C-4530-99B2-C22D63941A17}.Release|x64.Build.0 = Release|Any CPU
		{772FF8F5-495C-4530-99B2-C22D63941A17}.Release|x86.ActiveCfg = Release|Any CPU
		{772FF8F5-495C-4530-99B2-C22D63941A17}.Release|x86.Build.0 = Release|Any CPU
		{75F171F2-4CA6-4220-A1D5-68C83D58714F}.Debug|Any CPU.ActiveCfg = Debug|Any CPU
		{75F171F2-4CA6-4220-A1D5-68C83D58714F}.Debug|Any CPU.Build.0 = Debug|Any CPU
		{75F171F2-4CA6-4220-A1D5-68C83D58714F}.Debug|x64.ActiveCfg = Debug|Any CPU
		{75F171F2-4CA6-4220-A1D5-68C83D58714F}.Debug|x64.Build.0 = Debug|Any CPU
		{75F171F2-4CA6-4220-A1D5-68C83D58714F}.Debug|x86.ActiveCfg = Debug|Any CPU
		{75F171F2-4CA6-4220-A1D5-68C83D58714F}.Debug|x86.Build.0 = Debug|Any CPU
		{75F171F2-4CA6-4220-A1D5-68C83D58714F}.Release|Any CPU.ActiveCfg = Release|Any CPU
		{75F171F2-4CA6-4220-A1D5-68C83D58714F}.Release|Any CPU.Build.0 = Release|Any CPU
		{75F171F2-4CA6-4220-A1D5-68C83D58714F}.Release|x64.ActiveCfg = Release|Any CPU
		{75F171F2-4CA6-4220-A1D5-68C83D58714F}.Release|x64.Build.0 = Release|Any CPU
		{75F171F2-4CA6-4220-A1D5-68C83D58714F}.Release|x86.ActiveCfg = Release|Any CPU
		{75F171F2-4CA6-4220-A1D5-68C83D58714F}.Release|x86.Build.0 = Release|Any CPU
		{EFC707D8-BF58-4BB8-A538-4274736EFA30}.Debug|Any CPU.ActiveCfg = Debug|Any CPU
		{EFC707D8-BF58-4BB8-A538-4274736EFA30}.Debug|Any CPU.Build.0 = Debug|Any CPU
		{EFC707D8-BF58-4BB8-A538-4274736EFA30}.Debug|x64.ActiveCfg = Debug|Any CPU
		{EFC707D8-BF58-4BB8-A538-4274736EFA30}.Debug|x64.Build.0 = Debug|Any CPU
		{EFC707D8-BF58-4BB8-A538-4274736EFA30}.Debug|x86.ActiveCfg = Debug|Any CPU
		{EFC707D8-BF58-4BB8-A538-4274736EFA30}.Debug|x86.Build.0 = Debug|Any CPU
		{EFC707D8-BF58-4BB8-A538-4274736EFA30}.Release|Any CPU.ActiveCfg = Release|Any CPU
		{EFC707D8-BF58-4BB8-A538-4274736EFA30}.Release|Any CPU.Build.0 = Release|Any CPU
		{EFC707D8-BF58-4BB8-A538-4274736EFA30}.Release|x64.ActiveCfg = Release|Any CPU
		{EFC707D8-BF58-4BB8-A538-4274736EFA30}.Release|x64.Build.0 = Release|Any CPU
		{EFC707D8-BF58-4BB8-A538-4274736EFA30}.Release|x86.ActiveCfg = Release|Any CPU
		{EFC707D8-BF58-4BB8-A538-4274736EFA30}.Release|x86.Build.0 = Release|Any CPU
		{F2BA195D-8A27-4A50-990B-30DC30CE49D1}.Debug|Any CPU.ActiveCfg = Debug|Any CPU
		{F2BA195D-8A27-4A50-990B-30DC30CE49D1}.Debug|Any CPU.Build.0 = Debug|Any CPU
		{F2BA195D-8A27-4A50-990B-30DC30CE49D1}.Debug|x64.ActiveCfg = Debug|Any CPU
		{F2BA195D-8A27-4A50-990B-30DC30CE49D1}.Debug|x64.Build.0 = Debug|Any CPU
		{F2BA195D-8A27-4A50-990B-30DC30CE49D1}.Debug|x86.ActiveCfg = Debug|Any CPU
		{F2BA195D-8A27-4A50-990B-30DC30CE49D1}.Debug|x86.Build.0 = Debug|Any CPU
		{F2BA195D-8A27-4A50-990B-30DC30CE49D1}.Release|Any CPU.ActiveCfg = Release|Any CPU
		{F2BA195D-8A27-4A50-990B-30DC30CE49D1}.Release|Any CPU.Build.0 = Release|Any CPU
		{F2BA195D-8A27-4A50-990B-30DC30CE49D1}.Release|x64.ActiveCfg = Release|Any CPU
		{F2BA195D-8A27-4A50-990B-30DC30CE49D1}.Release|x64.Build.0 = Release|Any CPU
		{F2BA195D-8A27-4A50-990B-30DC30CE49D1}.Release|x86.ActiveCfg = Release|Any CPU
		{F2BA195D-8A27-4A50-990B-30DC30CE49D1}.Release|x86.Build.0 = Release|Any CPU
		{ED7FC2CF-E281-452A-971D-84763BE24B30}.Debug|Any CPU.ActiveCfg = Debug|Any CPU
		{ED7FC2CF-E281-452A-971D-84763BE24B30}.Debug|Any CPU.Build.0 = Debug|Any CPU
		{ED7FC2CF-E281-452A-971D-84763BE24B30}.Debug|x64.ActiveCfg = Debug|Any CPU
		{ED7FC2CF-E281-452A-971D-84763BE24B30}.Debug|x64.Build.0 = Debug|Any CPU
		{ED7FC2CF-E281-452A-971D-84763BE24B30}.Debug|x86.ActiveCfg = Debug|Any CPU
		{ED7FC2CF-E281-452A-971D-84763BE24B30}.Debug|x86.Build.0 = Debug|Any CPU
		{ED7FC2CF-E281-452A-971D-84763BE24B30}.Release|Any CPU.ActiveCfg = Release|Any CPU
		{ED7FC2CF-E281-452A-971D-84763BE24B30}.Release|Any CPU.Build.0 = Release|Any CPU
		{ED7FC2CF-E281-452A-971D-84763BE24B30}.Release|x64.ActiveCfg = Release|Any CPU
		{ED7FC2CF-E281-452A-971D-84763BE24B30}.Release|x64.Build.0 = Release|Any CPU
		{ED7FC2CF-E281-452A-971D-84763BE24B30}.Release|x86.ActiveCfg = Release|Any CPU
		{ED7FC2CF-E281-452A-971D-84763BE24B30}.Release|x86.Build.0 = Release|Any CPU
		{3F9176C7-FF23-4E83-A61A-1B84C22CECDB}.Debug|Any CPU.ActiveCfg = Debug|Any CPU
		{3F9176C7-FF23-4E83-A61A-1B84C22CECDB}.Debug|Any CPU.Build.0 = Debug|Any CPU
		{3F9176C7-FF23-4E83-A61A-1B84C22CECDB}.Debug|x64.ActiveCfg = Debug|Any CPU
		{3F9176C7-FF23-4E83-A61A-1B84C22CECDB}.Debug|x64.Build.0 = Debug|Any CPU
		{3F9176C7-FF23-4E83-A61A-1B84C22CECDB}.Debug|x86.ActiveCfg = Debug|Any CPU
		{3F9176C7-FF23-4E83-A61A-1B84C22CECDB}.Debug|x86.Build.0 = Debug|Any CPU
		{3F9176C7-FF23-4E83-A61A-1B84C22CECDB}.Release|Any CPU.ActiveCfg = Release|Any CPU
		{3F9176C7-FF23-4E83-A61A-1B84C22CECDB}.Release|Any CPU.Build.0 = Release|Any CPU
		{3F9176C7-FF23-4E83-A61A-1B84C22CECDB}.Release|x64.ActiveCfg = Release|Any CPU
		{3F9176C7-FF23-4E83-A61A-1B84C22CECDB}.Release|x64.Build.0 = Release|Any CPU
		{3F9176C7-FF23-4E83-A61A-1B84C22CECDB}.Release|x86.ActiveCfg = Release|Any CPU
		{3F9176C7-FF23-4E83-A61A-1B84C22CECDB}.Release|x86.Build.0 = Release|Any CPU
		{3D5BBE52-1772-470E-B9B1-F60466AF2F26}.Debug|Any CPU.ActiveCfg = Debug|Any CPU
		{3D5BBE52-1772-470E-B9B1-F60466AF2F26}.Debug|Any CPU.Build.0 = Debug|Any CPU
		{3D5BBE52-1772-470E-B9B1-F60466AF2F26}.Debug|x64.ActiveCfg = Debug|Any CPU
		{3D5BBE52-1772-470E-B9B1-F60466AF2F26}.Debug|x64.Build.0 = Debug|Any CPU
		{3D5BBE52-1772-470E-B9B1-F60466AF2F26}.Debug|x86.ActiveCfg = Debug|Any CPU
		{3D5BBE52-1772-470E-B9B1-F60466AF2F26}.Debug|x86.Build.0 = Debug|Any CPU
		{3D5BBE52-1772-470E-B9B1-F60466AF2F26}.Release|Any CPU.ActiveCfg = Release|Any CPU
		{3D5BBE52-1772-470E-B9B1-F60466AF2F26}.Release|Any CPU.Build.0 = Release|Any CPU
		{3D5BBE52-1772-470E-B9B1-F60466AF2F26}.Release|x64.ActiveCfg = Release|Any CPU
		{3D5BBE52-1772-470E-B9B1-F60466AF2F26}.Release|x64.Build.0 = Release|Any CPU
		{3D5BBE52-1772-470E-B9B1-F60466AF2F26}.Release|x86.ActiveCfg = Release|Any CPU
		{3D5BBE52-1772-470E-B9B1-F60466AF2F26}.Release|x86.Build.0 = Release|Any CPU
		{C6BBC19B-F8A0-4C6A-A9ED-6CCCFE1AA3F1}.Debug|Any CPU.ActiveCfg = Debug|Any CPU
		{C6BBC19B-F8A0-4C6A-A9ED-6CCCFE1AA3F1}.Debug|Any CPU.Build.0 = Debug|Any CPU
		{C6BBC19B-F8A0-4C6A-A9ED-6CCCFE1AA3F1}.Debug|x64.ActiveCfg = Debug|Any CPU
		{C6BBC19B-F8A0-4C6A-A9ED-6CCCFE1AA3F1}.Debug|x64.Build.0 = Debug|Any CPU
		{C6BBC19B-F8A0-4C6A-A9ED-6CCCFE1AA3F1}.Debug|x86.ActiveCfg = Debug|Any CPU
		{C6BBC19B-F8A0-4C6A-A9ED-6CCCFE1AA3F1}.Debug|x86.Build.0 = Debug|Any CPU
		{C6BBC19B-F8A0-4C6A-A9ED-6CCCFE1AA3F1}.Release|Any CPU.ActiveCfg = Release|Any CPU
		{C6BBC19B-F8A0-4C6A-A9ED-6CCCFE1AA3F1}.Release|Any CPU.Build.0 = Release|Any CPU
		{C6BBC19B-F8A0-4C6A-A9ED-6CCCFE1AA3F1}.Release|x64.ActiveCfg = Release|Any CPU
		{C6BBC19B-F8A0-4C6A-A9ED-6CCCFE1AA3F1}.Release|x64.Build.0 = Release|Any CPU
		{C6BBC19B-F8A0-4C6A-A9ED-6CCCFE1AA3F1}.Release|x86.ActiveCfg = Release|Any CPU
		{C6BBC19B-F8A0-4C6A-A9ED-6CCCFE1AA3F1}.Release|x86.Build.0 = Release|Any CPU
		{891FBBE1-92C8-4A58-92B5-0A7D37A197F9}.Debug|Any CPU.ActiveCfg = Debug|Any CPU
		{891FBBE1-92C8-4A58-92B5-0A7D37A197F9}.Debug|Any CPU.Build.0 = Debug|Any CPU
		{891FBBE1-92C8-4A58-92B5-0A7D37A197F9}.Debug|x64.ActiveCfg = Debug|Any CPU
		{891FBBE1-92C8-4A58-92B5-0A7D37A197F9}.Debug|x64.Build.0 = Debug|Any CPU
		{891FBBE1-92C8-4A58-92B5-0A7D37A197F9}.Debug|x86.ActiveCfg = Debug|Any CPU
		{891FBBE1-92C8-4A58-92B5-0A7D37A197F9}.Debug|x86.Build.0 = Debug|Any CPU
		{891FBBE1-92C8-4A58-92B5-0A7D37A197F9}.Release|Any CPU.ActiveCfg = Release|Any CPU
		{891FBBE1-92C8-4A58-92B5-0A7D37A197F9}.Release|Any CPU.Build.0 = Release|Any CPU
		{891FBBE1-92C8-4A58-92B5-0A7D37A197F9}.Release|x64.ActiveCfg = Release|Any CPU
		{891FBBE1-92C8-4A58-92B5-0A7D37A197F9}.Release|x64.Build.0 = Release|Any CPU
		{891FBBE1-92C8-4A58-92B5-0A7D37A197F9}.Release|x86.ActiveCfg = Release|Any CPU
		{891FBBE1-92C8-4A58-92B5-0A7D37A197F9}.Release|x86.Build.0 = Release|Any CPU
		{BB9A7248-CC2C-4D0E-BDB8-C8FFC29D2298}.Debug|Any CPU.ActiveCfg = Debug|Any CPU
		{BB9A7248-CC2C-4D0E-BDB8-C8FFC29D2298}.Debug|Any CPU.Build.0 = Debug|Any CPU
		{BB9A7248-CC2C-4D0E-BDB8-C8FFC29D2298}.Debug|x64.ActiveCfg = Debug|Any CPU
		{BB9A7248-CC2C-4D0E-BDB8-C8FFC29D2298}.Debug|x64.Build.0 = Debug|Any CPU
		{BB9A7248-CC2C-4D0E-BDB8-C8FFC29D2298}.Debug|x86.ActiveCfg = Debug|Any CPU
		{BB9A7248-CC2C-4D0E-BDB8-C8FFC29D2298}.Debug|x86.Build.0 = Debug|Any CPU
		{BB9A7248-CC2C-4D0E-BDB8-C8FFC29D2298}.Release|Any CPU.ActiveCfg = Release|Any CPU
		{BB9A7248-CC2C-4D0E-BDB8-C8FFC29D2298}.Release|Any CPU.Build.0 = Release|Any CPU
		{BB9A7248-CC2C-4D0E-BDB8-C8FFC29D2298}.Release|x64.ActiveCfg = Release|Any CPU
		{BB9A7248-CC2C-4D0E-BDB8-C8FFC29D2298}.Release|x64.Build.0 = Release|Any CPU
		{BB9A7248-CC2C-4D0E-BDB8-C8FFC29D2298}.Release|x86.ActiveCfg = Release|Any CPU
		{BB9A7248-CC2C-4D0E-BDB8-C8FFC29D2298}.Release|x86.Build.0 = Release|Any CPU
		{D56ABB45-9B10-4C39-B955-58FBF75C3C0B}.Debug|Any CPU.ActiveCfg = Debug|Any CPU
		{D56ABB45-9B10-4C39-B955-58FBF75C3C0B}.Debug|Any CPU.Build.0 = Debug|Any CPU
		{D56ABB45-9B10-4C39-B955-58FBF75C3C0B}.Debug|x64.ActiveCfg = Debug|Any CPU
		{D56ABB45-9B10-4C39-B955-58FBF75C3C0B}.Debug|x64.Build.0 = Debug|Any CPU
		{D56ABB45-9B10-4C39-B955-58FBF75C3C0B}.Debug|x86.ActiveCfg = Debug|Any CPU
		{D56ABB45-9B10-4C39-B955-58FBF75C3C0B}.Debug|x86.Build.0 = Debug|Any CPU
		{D56ABB45-9B10-4C39-B955-58FBF75C3C0B}.Release|Any CPU.ActiveCfg = Release|Any CPU
		{D56ABB45-9B10-4C39-B955-58FBF75C3C0B}.Release|Any CPU.Build.0 = Release|Any CPU
		{D56ABB45-9B10-4C39-B955-58FBF75C3C0B}.Release|x64.ActiveCfg = Release|Any CPU
		{D56ABB45-9B10-4C39-B955-58FBF75C3C0B}.Release|x64.Build.0 = Release|Any CPU
		{D56ABB45-9B10-4C39-B955-58FBF75C3C0B}.Release|x86.ActiveCfg = Release|Any CPU
		{D56ABB45-9B10-4C39-B955-58FBF75C3C0B}.Release|x86.Build.0 = Release|Any CPU
		{89CF5A5F-A27B-46C4-BBAA-95A92593671A}.Debug|Any CPU.ActiveCfg = Debug|Any CPU
		{89CF5A5F-A27B-46C4-BBAA-95A92593671A}.Debug|Any CPU.Build.0 = Debug|Any CPU
		{89CF5A5F-A27B-46C4-BBAA-95A92593671A}.Debug|x64.ActiveCfg = Debug|Any CPU
		{89CF5A5F-A27B-46C4-BBAA-95A92593671A}.Debug|x64.Build.0 = Debug|Any CPU
		{89CF5A5F-A27B-46C4-BBAA-95A92593671A}.Debug|x86.ActiveCfg = Debug|Any CPU
		{89CF5A5F-A27B-46C4-BBAA-95A92593671A}.Debug|x86.Build.0 = Debug|Any CPU
		{89CF5A5F-A27B-46C4-BBAA-95A92593671A}.Release|Any CPU.ActiveCfg = Release|Any CPU
		{89CF5A5F-A27B-46C4-BBAA-95A92593671A}.Release|Any CPU.Build.0 = Release|Any CPU
		{89CF5A5F-A27B-46C4-BBAA-95A92593671A}.Release|x64.ActiveCfg = Release|Any CPU
		{89CF5A5F-A27B-46C4-BBAA-95A92593671A}.Release|x64.Build.0 = Release|Any CPU
		{89CF5A5F-A27B-46C4-BBAA-95A92593671A}.Release|x86.ActiveCfg = Release|Any CPU
		{89CF5A5F-A27B-46C4-BBAA-95A92593671A}.Release|x86.Build.0 = Release|Any CPU
		{65A538A6-CF79-4AE0-966D-7FE7B6E848AC}.Debug|Any CPU.ActiveCfg = Debug|Any CPU
		{65A538A6-CF79-4AE0-966D-7FE7B6E848AC}.Debug|Any CPU.Build.0 = Debug|Any CPU
		{65A538A6-CF79-4AE0-966D-7FE7B6E848AC}.Debug|x64.ActiveCfg = Debug|Any CPU
		{65A538A6-CF79-4AE0-966D-7FE7B6E848AC}.Debug|x64.Build.0 = Debug|Any CPU
		{65A538A6-CF79-4AE0-966D-7FE7B6E848AC}.Debug|x86.ActiveCfg = Debug|Any CPU
		{65A538A6-CF79-4AE0-966D-7FE7B6E848AC}.Debug|x86.Build.0 = Debug|Any CPU
		{65A538A6-CF79-4AE0-966D-7FE7B6E848AC}.Release|Any CPU.ActiveCfg = Release|Any CPU
		{65A538A6-CF79-4AE0-966D-7FE7B6E848AC}.Release|Any CPU.Build.0 = Release|Any CPU
		{65A538A6-CF79-4AE0-966D-7FE7B6E848AC}.Release|x64.ActiveCfg = Release|Any CPU
		{65A538A6-CF79-4AE0-966D-7FE7B6E848AC}.Release|x64.Build.0 = Release|Any CPU
		{65A538A6-CF79-4AE0-966D-7FE7B6E848AC}.Release|x86.ActiveCfg = Release|Any CPU
		{65A538A6-CF79-4AE0-966D-7FE7B6E848AC}.Release|x86.Build.0 = Release|Any CPU
	EndGlobalSection
	GlobalSection(SolutionProperties) = preSolution
		HideSolutionNode = FALSE
	EndGlobalSection
	GlobalSection(NestedProjects) = preSolution
		{725FE97F-F9E1-4371-B780-2DB028F89298} = {18E49D60-084F-4197-B957-FBC7FD25F605}
		{A4054381-716C-4E21-8584-CB411F47AB48} = {18E49D60-084F-4197-B957-FBC7FD25F605}
		{AE1954A2-3239-4AC8-81D4-81D1D5B4ACFF} = {18E49D60-084F-4197-B957-FBC7FD25F605}
		{772FF8F5-495C-4530-99B2-C22D63941A17} = {18E49D60-084F-4197-B957-FBC7FD25F605}
		{EFC707D8-BF58-4BB8-A538-4274736EFA30} = {18E49D60-084F-4197-B957-FBC7FD25F605}
		{F2BA195D-8A27-4A50-990B-30DC30CE49D1} = {18E49D60-084F-4197-B957-FBC7FD25F605}
		{ED7FC2CF-E281-452A-971D-84763BE24B30} = {18E49D60-084F-4197-B957-FBC7FD25F605}
		{3F9176C7-FF23-4E83-A61A-1B84C22CECDB} = {18E49D60-084F-4197-B957-FBC7FD25F605}
		{3D5BBE52-1772-470E-B9B1-F60466AF2F26} = {18E49D60-084F-4197-B957-FBC7FD25F605}
		{C6BBC19B-F8A0-4C6A-A9ED-6CCCFE1AA3F1} = {18E49D60-084F-4197-B957-FBC7FD25F605}
		{891FBBE1-92C8-4A58-92B5-0A7D37A197F9} = {18E49D60-084F-4197-B957-FBC7FD25F605}
		{BB9A7248-CC2C-4D0E-BDB8-C8FFC29D2298} = {18E49D60-084F-4197-B957-FBC7FD25F605}
		{D56ABB45-9B10-4C39-B955-58FBF75C3C0B} = {18E49D60-084F-4197-B957-FBC7FD25F605}
		{89CF5A5F-A27B-46C4-BBAA-95A92593671A} = {18E49D60-084F-4197-B957-FBC7FD25F605}
		{65A538A6-CF79-4AE0-966D-7FE7B6E848AC} = {18E49D60-084F-4197-B957-FBC7FD25F605}
	EndGlobalSection
	GlobalSection(ExtensibilityGlobals) = postSolution
		SolutionGuid = {616EB672-FB4D-4BED-818A-E4DED28401FF}
	EndGlobalSection
EndGlobal
