
Microsoft Visual Studio Solution File, Format Version 12.00
# Visual Studio 15
VisualStudioVersion = 15.0.26124.0
MinimumVisualStudioVersion = 15.0.26124.0
Project("{9A19103F-16F7-4668-BE54-9A1E7A4F7556}") = "R5T.D0029.Construction", "R5T.D0029.Construction\R5T.D0029.Construction.csproj", "{4C28FA9E-9E3B-4B43-A0CA-B75F8ABA08B2}"
EndProject
Project("{9A19103F-16F7-4668-BE54-9A1E7A4F7556}") = "R5T.D0029", "R5T.D0029\R5T.D0029.csproj", "{3B93D2BC-9BB2-454D-866C-493F0BBB787E}"
EndProject
Project("{9A19103F-16F7-4668-BE54-9A1E7A4F7556}") = "R5T.D0029.Base", "R5T.D0029.Base\R5T.D0029.Base.csproj", "{1795C2FA-C68F-4F00-8213-D295E950F878}"
EndProject
Project("{2150E333-8FDC-42A3-9474-1A3956D46DE8}") = "_Dependencies", "_Dependencies", "{18E49D60-084F-4197-B957-FBC7FD25F605}"
EndProject
Project("{9A19103F-16F7-4668-BE54-9A1E7A4F7556}") = "R5T.D0013.Base", "..\..\R5T.D0013\source\R5T.D0013.Base\R5T.D0013.Base.csproj", "{725FE97F-F9E1-4371-B780-2DB028F89298}"
EndProject
Project("{9A19103F-16F7-4668-BE54-9A1E7A4F7556}") = "R5T.T0002", "..\..\R5T.T0002\source\R5T.T0002\R5T.T0002.csproj", "{A4054381-716C-4E21-8584-CB411F47AB48}"
EndProject
Project("{9A19103F-16F7-4668-BE54-9A1E7A4F7556}") = "R5T.Ostersund", "..\..\R5T.Ostersund\source\R5T.Ostersund\R5T.Ostersund.csproj", "{AE1954A2-3239-4AC8-81D4-81D1D5B4ACFF}"
EndProject
Project("{9A19103F-16F7-4668-BE54-9A1E7A4F7556}") = "R5T.T0003", "..\..\R5T.T0003\source\R5T.T0003\R5T.T0003.csproj", "{772FF8F5-495C-4530-99B2-C22D63941A17}"
EndProject
Project("{9A19103F-16F7-4668-BE54-9A1E7A4F7556}") = "R5T.D0029.Default", "R5T.D0029.Default\R5T.D0029.Default.csproj", "{75F171F2-4CA6-4220-A1D5-68C83D58714F}"
EndProject
Project("{9A19103F-16F7-4668-BE54-9A1E7A4F7556}") = "R5T.D0019.Base", "..\..\R5T.D0019\source\R5T.D0019.Base\R5T.D0019.Base.csproj", "{EFC707D8-BF58-4BB8-A538-4274736EFA30}"
EndProject
Project("{9A19103F-16F7-4668-BE54-9A1E7A4F7556}") = "R5T.D0021.Base", "..\..\R5T.D0021\source\R5T.D0021.Base\R5T.D0021.Base.csproj", "{F2BA195D-8A27-4A50-990B-30DC30CE49D1}"
EndProject
Project("{9A19103F-16F7-4668-BE54-9A1E7A4F7556}") = "R5T.T0004", "..\..\R5T.T0004\source\R5T.T0004\R5T.T0004.csproj", "{ED7FC2CF-E281-452A-971D-84763BE24B30}"
EndProject
Project("{9A19103F-16F7-4668-BE54-9A1E7A4F7556}") = "R5T.T0005", "..\..\R5T.T0005\source\R5T.T0005\R5T.T0005.csproj", "{3F9176C7-FF23-4E83-A61A-1B84C22CECDB}"
EndProject
Project("{9A19103F-16F7-4668-BE54-9A1E7A4F7556}") = "R5T.Amphipolis", "..\..\R5T.Amphipolis\source\R5T.Amphipolis\R5T.Amphipolis.csproj", "{3D5BBE52-1772-470E-B9B1-F60466AF2F26}"
EndProject
Project("{9A19103F-16F7-4668-BE54-9A1E7A4F7556}") = "R5T.Magyar", "..\..\R5T.Magyar\source\R5T.Magyar\R5T.Magyar.csproj", "{C6BBC19B-F8A0-4C6A-A9ED-6CCCFE1AA3F1}"
EndProject
Project("{9A19103F-16F7-4668-BE54-9A1E7A4F7556}") = "R5T.T0006", "..\..\R5T.T0006\source\R5T.T0006\R5T.T0006.csproj", "{891FBBE1-92C8-4A58-92B5-0A7D37A197F9}"
EndProject
Project("{9A19103F-16F7-4668-BE54-9A1E7A4F7556}") = "R5T.Ostersund.Extensions", "..\..\R5T.Ostersund\source\R5T.Ostersund.Extensions\R5T.Ostersund.Extensions.csproj", "{BB9A7248-CC2C-4D0E-BDB8-C8FFC29D2298}"
EndProject
Project("{9A19103F-16F7-4668-BE54-9A1E7A4F7556}") = "R5T.Angleterria", "..\..\R5T.Angleterria\source\R5T.Angleterria\R5T.Angleterria.csproj", "{D56ABB45-9B10-4C39-B955-58FBF75C3C0B}"
EndProject
Project("{9A19103F-16F7-4668-BE54-9A1E7A4F7556}") = "R5T.Dacia.Extensions", "..\..\R5T.Dacia.Extensions\source\R5T.Dacia.Extensions\R5T.Dacia.Extensions.csproj", "{89CF5A5F-A27B-46C4-BBAA-95A92593671A}"
EndProject
Project("{9A19103F-16F7-4668-BE54-9A1E7A4F7556}") = "R5T.Dacia", "..\..\R5T.Dacia\source\R5T.Dacia\R5T.Dacia.csproj", "{65A538A6-CF79-4AE0-966D-7FE7B6E848AC}"
EndProject
Project("{9A19103F-16F7-4668-BE54-9A1E7A4F7556}") = "R5T.D0029.Standard", "R5T.D0029.Standard\R5T.D0029.Standard.csproj", "{75590282-AFFC-466D-8242-E1041B6E6E51}"
EndProject
Project("{9A19103F-16F7-4668-BE54-9A1E7A4F7556}") = "R5T.D0019.Default", "..\..\R5T.D0019\source\R5T.D0019.Default\R5T.D0019.Default.csproj", "{309EAC5D-A272-4AC5-8EB9-D71BC0003759}"
EndProject
Project("{9A19103F-16F7-4668-BE54-9A1E7A4F7556}") = "R5T.D0021.Default", "..\..\R5T.D0021\source\R5T.D0021.Default\R5T.D0021.Default.csproj", "{84F0063B-B46D-4977-8BED-69A1325204B5}"
EndProject
Project("{9A19103F-16F7-4668-BE54-9A1E7A4F7556}") = "R5T.D0001.Base", "..\..\R5T.D0001\source\R5T.D0001.Base\R5T.D0001.Base.csproj", "{679B52C7-FBBE-4353-AE48-29ECB3F32717}"
EndProject
Project("{9A19103F-16F7-4668-BE54-9A1E7A4F7556}") = "R5T.D0010.Base", "..\..\R5T.D0010\source\R5T.D0010.Base\R5T.D0010.Base.csproj", "{38E2892A-95B1-4752-A03A-79921135EDE0}"
EndProject
Project("{9A19103F-16F7-4668-BE54-9A1E7A4F7556}") = "R5T.T0001", "..\..\R5T.T0001\source\R5T.T0001\R5T.T0001.csproj", "{B2BA65E1-9922-47BA-8BE2-D99F6641BB7D}"
EndProject
Project("{9A19103F-16F7-4668-BE54-9A1E7A4F7556}") = "R5T.D0017.Base", "..\..\R5T.D0017\source\R5T.D0017.Base\R5T.D0017.Base.csproj", "{B9CA0505-E5D3-4D79-9C2F-AA5C7CDA9A36}"
EndProject
Project("{9A19103F-16F7-4668-BE54-9A1E7A4F7556}") = "R5T.D0022.Base", "..\..\R5T.D0022\source\R5T.D0022.Base\R5T.D0022.Base.csproj", "{DD186168-438D-46B4-80DD-83ACC96EE77A}"
EndProject
Project("{9A19103F-16F7-4668-BE54-9A1E7A4F7556}") = "R5T.D0017.Default", "..\..\R5T.D0017\source\R5T.D0017.Default\R5T.D0017.Default.csproj", "{C628564D-21E0-496B-884F-3F9DDAD4AB21}"
EndProject
Project("{9A19103F-16F7-4668-BE54-9A1E7A4F7556}") = "R5T.Lombardy.Base", "..\..\R5T.Lombardy.Base\source\R5T.Lombardy.Base\R5T.Lombardy.Base.csproj", "{C64CACF8-8910-4EA4-9979-A7A621A02EAB}"
EndProject
Project("{9A19103F-16F7-4668-BE54-9A1E7A4F7556}") = "R5T.D0022.Default", "..\..\R5T.D0022\source\R5T.D0022.Default\R5T.D0022.Default.csproj", "{03F48B50-50A8-4AF1-B213-6D1180A21598}"
EndProject
Project("{9A19103F-16F7-4668-BE54-9A1E7A4F7556}") = "R5T.D0030.Default", "..\..\R5T.D0030\source\R5T.D0030.Default\R5T.D0030.Default.csproj", "{ADA87ADE-C96A-49C4-940D-A1DFB52AB7BD}"
EndProject
Project("{9A19103F-16F7-4668-BE54-9A1E7A4F7556}") = "R5T.D0030.Base", "..\..\R5T.D0030\source\R5T.D0030.Base\R5T.D0030.Base.csproj", "{DA276399-1CE9-4806-A8D6-6093D972FDDC}"
EndProject
Project("{9A19103F-16F7-4668-BE54-9A1E7A4F7556}") = "R5T.T0002.Extensions", "..\..\R5T.T0002\source\R5T.T0002.Extensions\R5T.T0002.Extensions.csproj", "{B9709FE7-A999-4AE7-8D99-215722A4F906}"
EndProject
Project("{9A19103F-16F7-4668-BE54-9A1E7A4F7556}") = "R5T.D0034.Base", "..\..\R5T.D0034\source\R5T.D0034.Base\R5T.D0034.Base.csproj", "{DF86954B-E43D-456C-8C08-85900F7C2A0D}"
EndProject
Project("{9A19103F-16F7-4668-BE54-9A1E7A4F7556}") = "R5T.D0034.Default", "..\..\R5T.D0034\source\R5T.D0034.Default\R5T.D0034.Default.csproj", "{0B358F7F-F76F-4BBD-97A4-590B6EC1467E}"
EndProject
Project("{9A19103F-16F7-4668-BE54-9A1E7A4F7556}") = "R5T.T0064", "..\..\R5T.T0064\source\R5T.T0064\R5T.T0064.csproj", "{FFCD1930-5E33-49CA-9F5B-CC47F6B50F43}"
EndProject
Global
	GlobalSection(SolutionConfigurationPlatforms) = preSolution
		Debug|Any CPU = Debug|Any CPU
		Debug|x64 = Debug|x64
		Debug|x86 = Debug|x86
		Release|Any CPU = Release|Any CPU
		Release|x64 = Release|x64
		Release|x86 = Release|x86
	EndGlobalSection
	GlobalSection(ProjectConfigurationPlatforms) = postSolution
		{4C28FA9E-9E3B-4B43-A0CA-B75F8ABA08B2}.Debug|Any CPU.ActiveCfg = Debug|Any CPU
		{4C28FA9E-9E3B-4B43-A0CA-B75F8ABA08B2}.Debug|Any CPU.Build.0 = Debug|Any CPU
		{4C28FA9E-9E3B-4B43-A0CA-B75F8ABA08B2}.Debug|x64.ActiveCfg = Debug|Any CPU
		{4C28FA9E-9E3B-4B43-A0CA-B75F8ABA08B2}.Debug|x64.Build.0 = Debug|Any CPU
		{4C28FA9E-9E3B-4B43-A0CA-B75F8ABA08B2}.Debug|x86.ActiveCfg = Debug|Any CPU
		{4C28FA9E-9E3B-4B43-A0CA-B75F8ABA08B2}.Debug|x86.Build.0 = Debug|Any CPU
		{4C28FA9E-9E3B-4B43-A0CA-B75F8ABA08B2}.Release|Any CPU.ActiveCfg = Release|Any CPU
		{4C28FA9E-9E3B-4B43-A0CA-B75F8ABA08B2}.Release|Any CPU.Build.0 = Release|Any CPU
		{4C28FA9E-9E3B-4B43-A0CA-B75F8ABA08B2}.Release|x64.ActiveCfg = Release|Any CPU
		{4C28FA9E-9E3B-4B43-A0CA-B75F8ABA08B2}.Release|x64.Build.0 = Release|Any CPU
		{4C28FA9E-9E3B-4B43-A0CA-B75F8ABA08B2}.Release|x86.ActiveCfg = Release|Any CPU
		{4C28FA9E-9E3B-4B43-A0CA-B75F8ABA08B2}.Release|x86.Build.0 = Release|Any CPU
		{3B93D2BC-9BB2-454D-866C-493F0BBB787E}.Debug|Any CPU.ActiveCfg = Debug|Any CPU
		{3B93D2BC-9BB2-454D-866C-493F0BBB787E}.Debug|Any CPU.Build.0 = Debug|Any CPU
		{3B93D2BC-9BB2-454D-866C-493F0BBB787E}.Debug|x64.ActiveCfg = Debug|Any CPU
		{3B93D2BC-9BB2-454D-866C-493F0BBB787E}.Debug|x64.Build.0 = Debug|Any CPU
		{3B93D2BC-9BB2-454D-866C-493F0BBB787E}.Debug|x86.ActiveCfg = Debug|Any CPU
		{3B93D2BC-9BB2-454D-866C-493F0BBB787E}.Debug|x86.Build.0 = Debug|Any CPU
		{3B93D2BC-9BB2-454D-866C-493F0BBB787E}.Release|Any CPU.ActiveCfg = Release|Any CPU
		{3B93D2BC-9BB2-454D-866C-493F0BBB787E}.Release|Any CPU.Build.0 = Release|Any CPU
		{3B93D2BC-9BB2-454D-866C-493F0BBB787E}.Release|x64.ActiveCfg = Release|Any CPU
		{3B93D2BC-9BB2-454D-866C-493F0BBB787E}.Release|x64.Build.0 = Release|Any CPU
		{3B93D2BC-9BB2-454D-866C-493F0BBB787E}.Release|x86.ActiveCfg = Release|Any CPU
		{3B93D2BC-9BB2-454D-866C-493F0BBB787E}.Release|x86.Build.0 = Release|Any CPU
		{1795C2FA-C68F-4F00-8213-D295E950F878}.Debug|Any CPU.ActiveCfg = Debug|Any CPU
		{1795C2FA-C68F-4F00-8213-D295E950F878}.Debug|Any CPU.Build.0 = Debug|Any CPU
		{1795C2FA-C68F-4F00-8213-D295E950F878}.Debug|x64.ActiveCfg = Debug|Any CPU
		{1795C2FA-C68F-4F00-8213-D295E950F878}.Debug|x64.Build.0 = Debug|Any CPU
		{1795C2FA-C68F-4F00-8213-D295E950F878}.Debug|x86.ActiveCfg = Debug|Any CPU
		{1795C2FA-C68F-4F00-8213-D295E950F878}.Debug|x86.Build.0 = Debug|Any CPU
		{1795C2FA-C68F-4F00-8213-D295E950F878}.Release|Any CPU.ActiveCfg = Release|Any CPU
		{1795C2FA-C68F-4F00-8213-D295E950F878}.Release|Any CPU.Build.0 = Release|Any CPU
		{1795C2FA-C68F-4F00-8213-D295E950F878}.Release|x64.ActiveCfg = Release|Any CPU
		{1795C2FA-C68F-4F00-8213-D295E950F878}.Release|x64.Build.0 = Release|Any CPU
		{1795C2FA-C68F-4F00-8213-D295E950F878}.Release|x86.ActiveCfg = Release|Any CPU
		{1795C2FA-C68F-4F00-8213-D295E950F878}.Release|x86.Build.0 = Release|Any CPU
		{725FE97F-F9E1-4371-B780-2DB028F89298}.Debug|Any CPU.ActiveCfg = Debug|Any CPU
		{725FE97F-F9E1-4371-B780-2DB028F89298}.Debug|Any CPU.Build.0 = Debug|Any CPU
		{725FE97F-F9E1-4371-B780-2DB028F89298}.Debug|x64.ActiveCfg = Debug|Any CPU
		{725FE97F-F9E1-4371-B780-2DB028F89298}.Debug|x64.Build.0 = Debug|Any CPU
		{725FE97F-F9E1-4371-B780-2DB028F89298}.Debug|x86.ActiveCfg = Debug|Any CPU
		{725FE97F-F9E1-4371-B780-2DB028F89298}.Debug|x86.Build.0 = Debug|Any CPU
		{725FE97F-F9E1-4371-B780-2DB028F89298}.Release|Any CPU.ActiveCfg = Release|Any CPU
		{725FE97F-F9E1-4371-B780-2DB028F89298}.Release|Any CPU.Build.0 = Release|Any CPU
		{725FE97F-F9E1-4371-B780-2DB028F89298}.Release|x64.ActiveCfg = Release|Any CPU
		{725FE97F-F9E1-4371-B780-2DB028F89298}.Release|x64.Build.0 = Release|Any CPU
		{725FE97F-F9E1-4371-B780-2DB028F89298}.Release|x86.ActiveCfg = Release|Any CPU
		{725FE97F-F9E1-4371-B780-2DB028F89298}.Release|x86.Build.0 = Release|Any CPU
		{A4054381-716C-4E21-8584-CB411F47AB48}.Debug|Any CPU.ActiveCfg = Debug|Any CPU
		{A4054381-716C-4E21-8584-CB411F47AB48}.Debug|Any CPU.Build.0 = Debug|Any CPU
		{A4054381-716C-4E21-8584-CB411F47AB48}.Debug|x64.ActiveCfg = Debug|Any CPU
		{A4054381-716C-4E21-8584-CB411F47AB48}.Debug|x64.Build.0 = Debug|Any CPU
		{A4054381-716C-4E21-8584-CB411F47AB48}.Debug|x86.ActiveCfg = Debug|Any CPU
		{A4054381-716C-4E21-8584-CB411F47AB48}.Debug|x86.Build.0 = Debug|Any CPU
		{A4054381-716C-4E21-8584-CB411F47AB48}.Release|Any CPU.ActiveCfg = Release|Any CPU
		{A4054381-716C-4E21-8584-CB411F47AB48}.Release|Any CPU.Build.0 = Release|Any CPU
		{A4054381-716C-4E21-8584-CB411F47AB48}.Release|x64.ActiveCfg = Release|Any CPU
		{A4054381-716C-4E21-8584-CB411F47AB48}.Release|x64.Build.0 = Release|Any CPU
		{A4054381-716C-4E21-8584-CB411F47AB48}.Release|x86.ActiveCfg = Release|Any CPU
		{A4054381-716C-4E21-8584-CB411F47AB48}.Release|x86.Build.0 = Release|Any CPU
		{AE1954A2-3239-4AC8-81D4-81D1D5B4ACFF}.Debug|Any CPU.ActiveCfg = Debug|Any CPU
		{AE1954A2-3239-4AC8-81D4-81D1D5B4ACFF}.Debug|Any CPU.Build.0 = Debug|Any CPU
		{AE1954A2-3239-4AC8-81D4-81D1D5B4ACFF}.Debug|x64.ActiveCfg = Debug|Any CPU
		{AE1954A2-3239-4AC8-81D4-81D1D5B4ACFF}.Debug|x64.Build.0 = Debug|Any CPU
		{AE1954A2-3239-4AC8-81D4-81D1D5B4ACFF}.Debug|x86.ActiveCfg = Debug|Any CPU
		{AE1954A2-3239-4AC8-81D4-81D1D5B4ACFF}.Debug|x86.Build.0 = Debug|Any CPU
		{AE1954A2-3239-4AC8-81D4-81D1D5B4ACFF}.Release|Any CPU.ActiveCfg = Release|Any CPU
		{AE1954A2-3239-4AC8-81D4-81D1D5B4ACFF}.Release|Any CPU.Build.0 = Release|Any CPU
		{AE1954A2-3239-4AC8-81D4-81D1D5B4ACFF}.Release|x64.ActiveCfg = Release|Any CPU
		{AE1954A2-3239-4AC8-81D4-81D1D5B4ACFF}.Release|x64.Build.0 = Release|Any CPU
		{AE1954A2-3239-4AC8-81D4-81D1D5B4ACFF}.Release|x86.ActiveCfg = Release|Any CPU
		{AE1954A2-3239-4AC8-81D4-81D1D5B4ACFF}.Release|x86.Build.0 = Release|Any CPU
		{772FF8F5-495C-4530-99B2-C22D63941A17}.Debug|Any CPU.ActiveCfg = Debug|Any CPU
		{772FF8F5-495C-4530-99B2-C22D63941A17}.Debug|Any CPU.Build.0 = Debug|Any CPU
		{772FF8F5-495C-4530-99B2-C22D63941A17}.Debug|x64.ActiveCfg = Debug|Any CPU
		{772FF8F5-495C-4530-99B2-C22D63941A17}.Debug|x64.Build.0 = Debug|Any CPU
		{772FF8F5-495C-4530-99B2-C22D63941A17}.Debug|x86.ActiveCfg = Debug|Any CPU
		{772FF8F5-495C-4530-99B2-C22D63941A17}.Debug|x86.Build.0 = Debug|Any CPU
		{772FF8F5-495C-4530-99B2-C22D63941A17}.Release|Any CPU.ActiveCfg = Release|Any CPU
		{772FF8F5-495C-4530-99B2-C22D63941A17}.Release|Any CPU.Build.0 = Release|Any CPU
		{772FF8F5-495C-4530-99B2-C22D63941A17}.Release|x64.ActiveCfg = Release|Any CPU
		{772FF8F5-495C-4530-99B2-C22D63941A17}.Release|x64.Build.0 = Release|Any CPU
		{772FF8F5-495C-4530-99B2-C22D63941A17}.Release|x86.ActiveCfg = Release|Any CPU
		{772FF8F5-495C-4530-99B2-C22D63941A17}.Release|x86.Build.0 = Release|Any CPU
		{75F171F2-4CA6-4220-A1D5-68C83D58714F}.Debug|Any CPU.ActiveCfg = Debug|Any CPU
		{75F171F2-4CA6-4220-A1D5-68C83D58714F}.Debug|Any CPU.Build.0 = Debug|Any CPU
		{75F171F2-4CA6-4220-A1D5-68C83D58714F}.Debug|x64.ActiveCfg = Debug|Any CPU
		{75F171F2-4CA6-4220-A1D5-68C83D58714F}.Debug|x64.Build.0 = Debug|Any CPU
		{75F171F2-4CA6-4220-A1D5-68C83D58714F}.Debug|x86.ActiveCfg = Debug|Any CPU
		{75F171F2-4CA6-4220-A1D5-68C83D58714F}.Debug|x86.Build.0 = Debug|Any CPU
		{75F171F2-4CA6-4220-A1D5-68C83D58714F}.Release|Any CPU.ActiveCfg = Release|Any CPU
		{75F171F2-4CA6-4220-A1D5-68C83D58714F}.Release|Any CPU.Build.0 = Release|Any CPU
		{75F171F2-4CA6-4220-A1D5-68C83D58714F}.Release|x64.ActiveCfg = Release|Any CPU
		{75F171F2-4CA6-4220-A1D5-68C83D58714F}.Release|x64.Build.0 = Release|Any CPU
		{75F171F2-4CA6-4220-A1D5-68C83D58714F}.Release|x86.ActiveCfg = Release|Any CPU
		{75F171F2-4CA6-4220-A1D5-68C83D58714F}.Release|x86.Build.0 = Release|Any CPU
		{EFC707D8-BF58-4BB8-A538-4274736EFA30}.Debug|Any CPU.ActiveCfg = Debug|Any CPU
		{EFC707D8-BF58-4BB8-A538-4274736EFA30}.Debug|Any CPU.Build.0 = Debug|Any CPU
		{EFC707D8-BF58-4BB8-A538-4274736EFA30}.Debug|x64.ActiveCfg = Debug|Any CPU
		{EFC707D8-BF58-4BB8-A538-4274736EFA30}.Debug|x64.Build.0 = Debug|Any CPU
		{EFC707D8-BF58-4BB8-A538-4274736EFA30}.Debug|x86.ActiveCfg = Debug|Any CPU
		{EFC707D8-BF58-4BB8-A538-4274736EFA30}.Debug|x86.Build.0 = Debug|Any CPU
		{EFC707D8-BF58-4BB8-A538-4274736EFA30}.Release|Any CPU.ActiveCfg = Release|Any CPU
		{EFC707D8-BF58-4BB8-A538-4274736EFA30}.Release|Any CPU.Build.0 = Release|Any CPU
		{EFC707D8-BF58-4BB8-A538-4274736EFA30}.Release|x64.ActiveCfg = Release|Any CPU
		{EFC707D8-BF58-4BB8-A538-4274736EFA30}.Release|x64.Build.0 = Release|Any CPU
		{EFC707D8-BF58-4BB8-A538-4274736EFA30}.Release|x86.ActiveCfg = Release|Any CPU
		{EFC707D8-BF58-4BB8-A538-4274736EFA30}.Release|x86.Build.0 = Release|Any CPU
		{F2BA195D-8A27-4A50-990B-30DC30CE49D1}.Debug|Any CPU.ActiveCfg = Debug|Any CPU
		{F2BA195D-8A27-4A50-990B-30DC30CE49D1}.Debug|Any CPU.Build.0 = Debug|Any CPU
		{F2BA195D-8A27-4A50-990B-30DC30CE49D1}.Debug|x64.ActiveCfg = Debug|Any CPU
		{F2BA195D-8A27-4A50-990B-30DC30CE49D1}.Debug|x64.Build.0 = Debug|Any CPU
		{F2BA195D-8A27-4A50-990B-30DC30CE49D1}.Debug|x86.ActiveCfg = Debug|Any CPU
		{F2BA195D-8A27-4A50-990B-30DC30CE49D1}.Debug|x86.Build.0 = Debug|Any CPU
		{F2BA195D-8A27-4A50-990B-30DC30CE49D1}.Release|Any CPU.ActiveCfg = Release|Any CPU
		{F2BA195D-8A27-4A50-990B-30DC30CE49D1}.Release|Any CPU.Build.0 = Release|Any CPU
		{F2BA195D-8A27-4A50-990B-30DC30CE49D1}.Release|x64.ActiveCfg = Release|Any CPU
		{F2BA195D-8A27-4A50-990B-30DC30CE49D1}.Release|x64.Build.0 = Release|Any CPU
		{F2BA195D-8A27-4A50-990B-30DC30CE49D1}.Release|x86.ActiveCfg = Release|Any CPU
		{F2BA195D-8A27-4A50-990B-30DC30CE49D1}.Release|x86.Build.0 = Release|Any CPU
		{ED7FC2CF-E281-452A-971D-84763BE24B30}.Debug|Any CPU.ActiveCfg = Debug|Any CPU
		{ED7FC2CF-E281-452A-971D-84763BE24B30}.Debug|Any CPU.Build.0 = Debug|Any CPU
		{ED7FC2CF-E281-452A-971D-84763BE24B30}.Debug|x64.ActiveCfg = Debug|Any CPU
		{ED7FC2CF-E281-452A-971D-84763BE24B30}.Debug|x64.Build.0 = Debug|Any CPU
		{ED7FC2CF-E281-452A-971D-84763BE24B30}.Debug|x86.ActiveCfg = Debug|Any CPU
		{ED7FC2CF-E281-452A-971D-84763BE24B30}.Debug|x86.Build.0 = Debug|Any CPU
		{ED7FC2CF-E281-452A-971D-84763BE24B30}.Release|Any CPU.ActiveCfg = Release|Any CPU
		{ED7FC2CF-E281-452A-971D-84763BE24B30}.Release|Any CPU.Build.0 = Release|Any CPU
		{ED7FC2CF-E281-452A-971D-84763BE24B30}.Release|x64.ActiveCfg = Release|Any CPU
		{ED7FC2CF-E281-452A-971D-84763BE24B30}.Release|x64.Build.0 = Release|Any CPU
		{ED7FC2CF-E281-452A-971D-84763BE24B30}.Release|x86.ActiveCfg = Release|Any CPU
		{ED7FC2CF-E281-452A-971D-84763BE24B30}.Release|x86.Build.0 = Release|Any CPU
		{3F9176C7-FF23-4E83-A61A-1B84C22CECDB}.Debug|Any CPU.ActiveCfg = Debug|Any CPU
		{3F9176C7-FF23-4E83-A61A-1B84C22CECDB}.Debug|Any CPU.Build.0 = Debug|Any CPU
		{3F9176C7-FF23-4E83-A61A-1B84C22CECDB}.Debug|x64.ActiveCfg = Debug|Any CPU
		{3F9176C7-FF23-4E83-A61A-1B84C22CECDB}.Debug|x64.Build.0 = Debug|Any CPU
		{3F9176C7-FF23-4E83-A61A-1B84C22CECDB}.Debug|x86.ActiveCfg = Debug|Any CPU
		{3F9176C7-FF23-4E83-A61A-1B84C22CECDB}.Debug|x86.Build.0 = Debug|Any CPU
		{3F9176C7-FF23-4E83-A61A-1B84C22CECDB}.Release|Any CPU.ActiveCfg = Release|Any CPU
		{3F9176C7-FF23-4E83-A61A-1B84C22CECDB}.Release|Any CPU.Build.0 = Release|Any CPU
		{3F9176C7-FF23-4E83-A61A-1B84C22CECDB}.Release|x64.ActiveCfg = Release|Any CPU
		{3F9176C7-FF23-4E83-A61A-1B84C22CECDB}.Release|x64.Build.0 = Release|Any CPU
		{3F9176C7-FF23-4E83-A61A-1B84C22CECDB}.Release|x86.ActiveCfg = Release|Any CPU
		{3F9176C7-FF23-4E83-A61A-1B84C22CECDB}.Release|x86.Build.0 = Release|Any CPU
		{3D5BBE52-1772-470E-B9B1-F60466AF2F26}.Debug|Any CPU.ActiveCfg = Debug|Any CPU
		{3D5BBE52-1772-470E-B9B1-F60466AF2F26}.Debug|Any CPU.Build.0 = Debug|Any CPU
		{3D5BBE52-1772-470E-B9B1-F60466AF2F26}.Debug|x64.ActiveCfg = Debug|Any CPU
		{3D5BBE52-1772-470E-B9B1-F60466AF2F26}.Debug|x64.Build.0 = Debug|Any CPU
		{3D5BBE52-1772-470E-B9B1-F60466AF2F26}.Debug|x86.ActiveCfg = Debug|Any CPU
		{3D5BBE52-1772-470E-B9B1-F60466AF2F26}.Debug|x86.Build.0 = Debug|Any CPU
		{3D5BBE52-1772-470E-B9B1-F60466AF2F26}.Release|Any CPU.ActiveCfg = Release|Any CPU
		{3D5BBE52-1772-470E-B9B1-F60466AF2F26}.Release|Any CPU.Build.0 = Release|Any CPU
		{3D5BBE52-1772-470E-B9B1-F60466AF2F26}.Release|x64.ActiveCfg = Release|Any CPU
		{3D5BBE52-1772-470E-B9B1-F60466AF2F26}.Release|x64.Build.0 = Release|Any CPU
		{3D5BBE52-1772-470E-B9B1-F60466AF2F26}.Release|x86.ActiveCfg = Release|Any CPU
		{3D5BBE52-1772-470E-B9B1-F60466AF2F26}.Release|x86.Build.0 = Release|Any CPU
		{C6BBC19B-F8A0-4C6A-A9ED-6CCCFE1AA3F1}.Debug|Any CPU.ActiveCfg = Debug|Any CPU
		{C6BBC19B-F8A0-4C6A-A9ED-6CCCFE1AA3F1}.Debug|Any CPU.Build.0 = Debug|Any CPU
		{C6BBC19B-F8A0-4C6A-A9ED-6CCCFE1AA3F1}.Debug|x64.ActiveCfg = Debug|Any CPU
		{C6BBC19B-F8A0-4C6A-A9ED-6CCCFE1AA3F1}.Debug|x64.Build.0 = Debug|Any CPU
		{C6BBC19B-F8A0-4C6A-A9ED-6CCCFE1AA3F1}.Debug|x86.ActiveCfg = Debug|Any CPU
		{C6BBC19B-F8A0-4C6A-A9ED-6CCCFE1AA3F1}.Debug|x86.Build.0 = Debug|Any CPU
		{C6BBC19B-F8A0-4C6A-A9ED-6CCCFE1AA3F1}.Release|Any CPU.ActiveCfg = Release|Any CPU
		{C6BBC19B-F8A0-4C6A-A9ED-6CCCFE1AA3F1}.Release|Any CPU.Build.0 = Release|Any CPU
		{C6BBC19B-F8A0-4C6A-A9ED-6CCCFE1AA3F1}.Release|x64.ActiveCfg = Release|Any CPU
		{C6BBC19B-F8A0-4C6A-A9ED-6CCCFE1AA3F1}.Release|x64.Build.0 = Release|Any CPU
		{C6BBC19B-F8A0-4C6A-A9ED-6CCCFE1AA3F1}.Release|x86.ActiveCfg = Release|Any CPU
		{C6BBC19B-F8A0-4C6A-A9ED-6CCCFE1AA3F1}.Release|x86.Build.0 = Release|Any CPU
		{891FBBE1-92C8-4A58-92B5-0A7D37A197F9}.Debug|Any CPU.ActiveCfg = Debug|Any CPU
		{891FBBE1-92C8-4A58-92B5-0A7D37A197F9}.Debug|Any CPU.Build.0 = Debug|Any CPU
		{891FBBE1-92C8-4A58-92B5-0A7D37A197F9}.Debug|x64.ActiveCfg = Debug|Any CPU
		{891FBBE1-92C8-4A58-92B5-0A7D37A197F9}.Debug|x64.Build.0 = Debug|Any CPU
		{891FBBE1-92C8-4A58-92B5-0A7D37A197F9}.Debug|x86.ActiveCfg = Debug|Any CPU
		{891FBBE1-92C8-4A58-92B5-0A7D37A197F9}.Debug|x86.Build.0 = Debug|Any CPU
		{891FBBE1-92C8-4A58-92B5-0A7D37A197F9}.Release|Any CPU.ActiveCfg = Release|Any CPU
		{891FBBE1-92C8-4A58-92B5-0A7D37A197F9}.Release|Any CPU.Build.0 = Release|Any CPU
		{891FBBE1-92C8-4A58-92B5-0A7D37A197F9}.Release|x64.ActiveCfg = Release|Any CPU
		{891FBBE1-92C8-4A58-92B5-0A7D37A197F9}.Release|x64.Build.0 = Release|Any CPU
		{891FBBE1-92C8-4A58-92B5-0A7D37A197F9}.Release|x86.ActiveCfg = Release|Any CPU
		{891FBBE1-92C8-4A58-92B5-0A7D37A197F9}.Release|x86.Build.0 = Release|Any CPU
		{BB9A7248-CC2C-4D0E-BDB8-C8FFC29D2298}.Debug|Any CPU.ActiveCfg = Debug|Any CPU
		{BB9A7248-CC2C-4D0E-BDB8-C8FFC29D2298}.Debug|Any CPU.Build.0 = Debug|Any CPU
		{BB9A7248-CC2C-4D0E-BDB8-C8FFC29D2298}.Debug|x64.ActiveCfg = Debug|Any CPU
		{BB9A7248-CC2C-4D0E-BDB8-C8FFC29D2298}.Debug|x64.Build.0 = Debug|Any CPU
		{BB9A7248-CC2C-4D0E-BDB8-C8FFC29D2298}.Debug|x86.ActiveCfg = Debug|Any CPU
		{BB9A7248-CC2C-4D0E-BDB8-C8FFC29D2298}.Debug|x86.Build.0 = Debug|Any CPU
		{BB9A7248-CC2C-4D0E-BDB8-C8FFC29D2298}.Release|Any CPU.ActiveCfg = Release|Any CPU
		{BB9A7248-CC2C-4D0E-BDB8-C8FFC29D2298}.Release|Any CPU.Build.0 = Release|Any CPU
		{BB9A7248-CC2C-4D0E-BDB8-C8FFC29D2298}.Release|x64.ActiveCfg = Release|Any CPU
		{BB9A7248-CC2C-4D0E-BDB8-C8FFC29D2298}.Release|x64.Build.0 = Release|Any CPU
		{BB9A7248-CC2C-4D0E-BDB8-C8FFC29D2298}.Release|x86.ActiveCfg = Release|Any CPU
		{BB9A7248-CC2C-4D0E-BDB8-C8FFC29D2298}.Release|x86.Build.0 = Release|Any CPU
		{D56ABB45-9B10-4C39-B955-58FBF75C3C0B}.Debug|Any CPU.ActiveCfg = Debug|Any CPU
		{D56ABB45-9B10-4C39-B955-58FBF75C3C0B}.Debug|Any CPU.Build.0 = Debug|Any CPU
		{D56ABB45-9B10-4C39-B955-58FBF75C3C0B}.Debug|x64.ActiveCfg = Debug|Any CPU
		{D56ABB45-9B10-4C39-B955-58FBF75C3C0B}.Debug|x64.Build.0 = Debug|Any CPU
		{D56ABB45-9B10-4C39-B955-58FBF75C3C0B}.Debug|x86.ActiveCfg = Debug|Any CPU
		{D56ABB45-9B10-4C39-B955-58FBF75C3C0B}.Debug|x86.Build.0 = Debug|Any CPU
		{D56ABB45-9B10-4C39-B955-58FBF75C3C0B}.Release|Any CPU.ActiveCfg = Release|Any CPU
		{D56ABB45-9B10-4C39-B955-58FBF75C3C0B}.Release|Any CPU.Build.0 = Release|Any CPU
		{D56ABB45-9B10-4C39-B955-58FBF75C3C0B}.Release|x64.ActiveCfg = Release|Any CPU
		{D56ABB45-9B10-4C39-B955-58FBF75C3C0B}.Release|x64.Build.0 = Release|Any CPU
		{D56ABB45-9B10-4C39-B955-58FBF75C3C0B}.Release|x86.ActiveCfg = Release|Any CPU
		{D56ABB45-9B10-4C39-B955-58FBF75C3C0B}.Release|x86.Build.0 = Release|Any CPU
		{89CF5A5F-A27B-46C4-BBAA-95A92593671A}.Debug|Any CPU.ActiveCfg = Debug|Any CPU
		{89CF5A5F-A27B-46C4-BBAA-95A92593671A}.Debug|Any CPU.Build.0 = Debug|Any CPU
		{89CF5A5F-A27B-46C4-BBAA-95A92593671A}.Debug|x64.ActiveCfg = Debug|Any CPU
		{89CF5A5F-A27B-46C4-BBAA-95A92593671A}.Debug|x64.Build.0 = Debug|Any CPU
		{89CF5A5F-A27B-46C4-BBAA-95A92593671A}.Debug|x86.ActiveCfg = Debug|Any CPU
		{89CF5A5F-A27B-46C4-BBAA-95A92593671A}.Debug|x86.Build.0 = Debug|Any CPU
		{89CF5A5F-A27B-46C4-BBAA-95A92593671A}.Release|Any CPU.ActiveCfg = Release|Any CPU
		{89CF5A5F-A27B-46C4-BBAA-95A92593671A}.Release|Any CPU.Build.0 = Release|Any CPU
		{89CF5A5F-A27B-46C4-BBAA-95A92593671A}.Release|x64.ActiveCfg = Release|Any CPU
		{89CF5A5F-A27B-46C4-BBAA-95A92593671A}.Release|x64.Build.0 = Release|Any CPU
		{89CF5A5F-A27B-46C4-BBAA-95A92593671A}.Release|x86.ActiveCfg = Release|Any CPU
		{89CF5A5F-A27B-46C4-BBAA-95A92593671A}.Release|x86.Build.0 = Release|Any CPU
		{65A538A6-CF79-4AE0-966D-7FE7B6E848AC}.Debug|Any CPU.ActiveCfg = Debug|Any CPU
		{65A538A6-CF79-4AE0-966D-7FE7B6E848AC}.Debug|Any CPU.Build.0 = Debug|Any CPU
		{65A538A6-CF79-4AE0-966D-7FE7B6E848AC}.Debug|x64.ActiveCfg = Debug|Any CPU
		{65A538A6-CF79-4AE0-966D-7FE7B6E848AC}.Debug|x64.Build.0 = Debug|Any CPU
		{65A538A6-CF79-4AE0-966D-7FE7B6E848AC}.Debug|x86.ActiveCfg = Debug|Any CPU
		{65A538A6-CF79-4AE0-966D-7FE7B6E848AC}.Debug|x86.Build.0 = Debug|Any CPU
		{65A538A6-CF79-4AE0-966D-7FE7B6E848AC}.Release|Any CPU.ActiveCfg = Release|Any CPU
		{65A538A6-CF79-4AE0-966D-7FE7B6E848AC}.Release|Any CPU.Build.0 = Release|Any CPU
		{65A538A6-CF79-4AE0-966D-7FE7B6E848AC}.Release|x64.ActiveCfg = Release|Any CPU
		{65A538A6-CF79-4AE0-966D-7FE7B6E848AC}.Release|x64.Build.0 = Release|Any CPU
		{65A538A6-CF79-4AE0-966D-7FE7B6E848AC}.Release|x86.ActiveCfg = Release|Any CPU
		{65A538A6-CF79-4AE0-966D-7FE7B6E848AC}.Release|x86.Build.0 = Release|Any CPU
		{75590282-AFFC-466D-8242-E1041B6E6E51}.Debug|Any CPU.ActiveCfg = Debug|Any CPU
		{75590282-AFFC-466D-8242-E1041B6E6E51}.Debug|Any CPU.Build.0 = Debug|Any CPU
		{75590282-AFFC-466D-8242-E1041B6E6E51}.Debug|x64.ActiveCfg = Debug|Any CPU
		{75590282-AFFC-466D-8242-E1041B6E6E51}.Debug|x64.Build.0 = Debug|Any CPU
		{75590282-AFFC-466D-8242-E1041B6E6E51}.Debug|x86.ActiveCfg = Debug|Any CPU
		{75590282-AFFC-466D-8242-E1041B6E6E51}.Debug|x86.Build.0 = Debug|Any CPU
		{75590282-AFFC-466D-8242-E1041B6E6E51}.Release|Any CPU.ActiveCfg = Release|Any CPU
		{75590282-AFFC-466D-8242-E1041B6E6E51}.Release|Any CPU.Build.0 = Release|Any CPU
		{75590282-AFFC-466D-8242-E1041B6E6E51}.Release|x64.ActiveCfg = Release|Any CPU
		{75590282-AFFC-466D-8242-E1041B6E6E51}.Release|x64.Build.0 = Release|Any CPU
		{75590282-AFFC-466D-8242-E1041B6E6E51}.Release|x86.ActiveCfg = Release|Any CPU
		{75590282-AFFC-466D-8242-E1041B6E6E51}.Release|x86.Build.0 = Release|Any CPU
		{309EAC5D-A272-4AC5-8EB9-D71BC0003759}.Debug|Any CPU.ActiveCfg = Debug|Any CPU
		{309EAC5D-A272-4AC5-8EB9-D71BC0003759}.Debug|Any CPU.Build.0 = Debug|Any CPU
		{309EAC5D-A272-4AC5-8EB9-D71BC0003759}.Debug|x64.ActiveCfg = Debug|Any CPU
		{309EAC5D-A272-4AC5-8EB9-D71BC0003759}.Debug|x64.Build.0 = Debug|Any CPU
		{309EAC5D-A272-4AC5-8EB9-D71BC0003759}.Debug|x86.ActiveCfg = Debug|Any CPU
		{309EAC5D-A272-4AC5-8EB9-D71BC0003759}.Debug|x86.Build.0 = Debug|Any CPU
		{309EAC5D-A272-4AC5-8EB9-D71BC0003759}.Release|Any CPU.ActiveCfg = Release|Any CPU
		{309EAC5D-A272-4AC5-8EB9-D71BC0003759}.Release|Any CPU.Build.0 = Release|Any CPU
		{309EAC5D-A272-4AC5-8EB9-D71BC0003759}.Release|x64.ActiveCfg = Release|Any CPU
		{309EAC5D-A272-4AC5-8EB9-D71BC0003759}.Release|x64.Build.0 = Release|Any CPU
		{309EAC5D-A272-4AC5-8EB9-D71BC0003759}.Release|x86.ActiveCfg = Release|Any CPU
		{309EAC5D-A272-4AC5-8EB9-D71BC0003759}.Release|x86.Build.0 = Release|Any CPU
		{84F0063B-B46D-4977-8BED-69A1325204B5}.Debug|Any CPU.ActiveCfg = Debug|Any CPU
		{84F0063B-B46D-4977-8BED-69A1325204B5}.Debug|Any CPU.Build.0 = Debug|Any CPU
		{84F0063B-B46D-4977-8BED-69A1325204B5}.Debug|x64.ActiveCfg = Debug|Any CPU
		{84F0063B-B46D-4977-8BED-69A1325204B5}.Debug|x64.Build.0 = Debug|Any CPU
		{84F0063B-B46D-4977-8BED-69A1325204B5}.Debug|x86.ActiveCfg = Debug|Any CPU
		{84F0063B-B46D-4977-8BED-69A1325204B5}.Debug|x86.Build.0 = Debug|Any CPU
		{84F0063B-B46D-4977-8BED-69A1325204B5}.Release|Any CPU.ActiveCfg = Release|Any CPU
		{84F0063B-B46D-4977-8BED-69A1325204B5}.Release|Any CPU.Build.0 = Release|Any CPU
		{84F0063B-B46D-4977-8BED-69A1325204B5}.Release|x64.ActiveCfg = Release|Any CPU
		{84F0063B-B46D-4977-8BED-69A1325204B5}.Release|x64.Build.0 = Release|Any CPU
		{84F0063B-B46D-4977-8BED-69A1325204B5}.Release|x86.ActiveCfg = Release|Any CPU
		{84F0063B-B46D-4977-8BED-69A1325204B5}.Release|x86.Build.0 = Release|Any CPU
		{679B52C7-FBBE-4353-AE48-29ECB3F32717}.Debug|Any CPU.ActiveCfg = Debug|Any CPU
		{679B52C7-FBBE-4353-AE48-29ECB3F32717}.Debug|Any CPU.Build.0 = Debug|Any CPU
		{679B52C7-FBBE-4353-AE48-29ECB3F32717}.Debug|x64.ActiveCfg = Debug|Any CPU
		{679B52C7-FBBE-4353-AE48-29ECB3F32717}.Debug|x64.Build.0 = Debug|Any CPU
		{679B52C7-FBBE-4353-AE48-29ECB3F32717}.Debug|x86.ActiveCfg = Debug|Any CPU
		{679B52C7-FBBE-4353-AE48-29ECB3F32717}.Debug|x86.Build.0 = Debug|Any CPU
		{679B52C7-FBBE-4353-AE48-29ECB3F32717}.Release|Any CPU.ActiveCfg = Release|Any CPU
		{679B52C7-FBBE-4353-AE48-29ECB3F32717}.Release|Any CPU.Build.0 = Release|Any CPU
		{679B52C7-FBBE-4353-AE48-29ECB3F32717}.Release|x64.ActiveCfg = Release|Any CPU
		{679B52C7-FBBE-4353-AE48-29ECB3F32717}.Release|x64.Build.0 = Release|Any CPU
		{679B52C7-FBBE-4353-AE48-29ECB3F32717}.Release|x86.ActiveCfg = Release|Any CPU
		{679B52C7-FBBE-4353-AE48-29ECB3F32717}.Release|x86.Build.0 = Release|Any CPU
		{38E2892A-95B1-4752-A03A-79921135EDE0}.Debug|Any CPU.ActiveCfg = Debug|Any CPU
		{38E2892A-95B1-4752-A03A-79921135EDE0}.Debug|Any CPU.Build.0 = Debug|Any CPU
		{38E2892A-95B1-4752-A03A-79921135EDE0}.Debug|x64.ActiveCfg = Debug|Any CPU
		{38E2892A-95B1-4752-A03A-79921135EDE0}.Debug|x64.Build.0 = Debug|Any CPU
		{38E2892A-95B1-4752-A03A-79921135EDE0}.Debug|x86.ActiveCfg = Debug|Any CPU
		{38E2892A-95B1-4752-A03A-79921135EDE0}.Debug|x86.Build.0 = Debug|Any CPU
		{38E2892A-95B1-4752-A03A-79921135EDE0}.Release|Any CPU.ActiveCfg = Release|Any CPU
		{38E2892A-95B1-4752-A03A-79921135EDE0}.Release|Any CPU.Build.0 = Release|Any CPU
		{38E2892A-95B1-4752-A03A-79921135EDE0}.Release|x64.ActiveCfg = Release|Any CPU
		{38E2892A-95B1-4752-A03A-79921135EDE0}.Release|x64.Build.0 = Release|Any CPU
		{38E2892A-95B1-4752-A03A-79921135EDE0}.Release|x86.ActiveCfg = Release|Any CPU
		{38E2892A-95B1-4752-A03A-79921135EDE0}.Release|x86.Build.0 = Release|Any CPU
		{B2BA65E1-9922-47BA-8BE2-D99F6641BB7D}.Debug|Any CPU.ActiveCfg = Debug|Any CPU
		{B2BA65E1-9922-47BA-8BE2-D99F6641BB7D}.Debug|Any CPU.Build.0 = Debug|Any CPU
		{B2BA65E1-9922-47BA-8BE2-D99F6641BB7D}.Debug|x64.ActiveCfg = Debug|Any CPU
		{B2BA65E1-9922-47BA-8BE2-D99F6641BB7D}.Debug|x64.Build.0 = Debug|Any CPU
		{B2BA65E1-9922-47BA-8BE2-D99F6641BB7D}.Debug|x86.ActiveCfg = Debug|Any CPU
		{B2BA65E1-9922-47BA-8BE2-D99F6641BB7D}.Debug|x86.Build.0 = Debug|Any CPU
		{B2BA65E1-9922-47BA-8BE2-D99F6641BB7D}.Release|Any CPU.ActiveCfg = Release|Any CPU
		{B2BA65E1-9922-47BA-8BE2-D99F6641BB7D}.Release|Any CPU.Build.0 = Release|Any CPU
		{B2BA65E1-9922-47BA-8BE2-D99F6641BB7D}.Release|x64.ActiveCfg = Release|Any CPU
		{B2BA65E1-9922-47BA-8BE2-D99F6641BB7D}.Release|x64.Build.0 = Release|Any CPU
		{B2BA65E1-9922-47BA-8BE2-D99F6641BB7D}.Release|x86.ActiveCfg = Release|Any CPU
		{B2BA65E1-9922-47BA-8BE2-D99F6641BB7D}.Release|x86.Build.0 = Release|Any CPU
		{B9CA0505-E5D3-4D79-9C2F-AA5C7CDA9A36}.Debug|Any CPU.ActiveCfg = Debug|Any CPU
		{B9CA0505-E5D3-4D79-9C2F-AA5C7CDA9A36}.Debug|Any CPU.Build.0 = Debug|Any CPU
		{B9CA0505-E5D3-4D79-9C2F-AA5C7CDA9A36}.Debug|x64.ActiveCfg = Debug|Any CPU
		{B9CA0505-E5D3-4D79-9C2F-AA5C7CDA9A36}.Debug|x64.Build.0 = Debug|Any CPU
		{B9CA0505-E5D3-4D79-9C2F-AA5C7CDA9A36}.Debug|x86.ActiveCfg = Debug|Any CPU
		{B9CA0505-E5D3-4D79-9C2F-AA5C7CDA9A36}.Debug|x86.Build.0 = Debug|Any CPU
		{B9CA0505-E5D3-4D79-9C2F-AA5C7CDA9A36}.Release|Any CPU.ActiveCfg = Release|Any CPU
		{B9CA0505-E5D3-4D79-9C2F-AA5C7CDA9A36}.Release|Any CPU.Build.0 = Release|Any CPU
		{B9CA0505-E5D3-4D79-9C2F-AA5C7CDA9A36}.Release|x64.ActiveCfg = Release|Any CPU
		{B9CA0505-E5D3-4D79-9C2F-AA5C7CDA9A36}.Release|x64.Build.0 = Release|Any CPU
		{B9CA0505-E5D3-4D79-9C2F-AA5C7CDA9A36}.Release|x86.ActiveCfg = Release|Any CPU
		{B9CA0505-E5D3-4D79-9C2F-AA5C7CDA9A36}.Release|x86.Build.0 = Release|Any CPU
		{DD186168-438D-46B4-80DD-83ACC96EE77A}.Debug|Any CPU.ActiveCfg = Debug|Any CPU
		{DD186168-438D-46B4-80DD-83ACC96EE77A}.Debug|Any CPU.Build.0 = Debug|Any CPU
		{DD186168-438D-46B4-80DD-83ACC96EE77A}.Debug|x64.ActiveCfg = Debug|Any CPU
		{DD186168-438D-46B4-80DD-83ACC96EE77A}.Debug|x64.Build.0 = Debug|Any CPU
		{DD186168-438D-46B4-80DD-83ACC96EE77A}.Debug|x86.ActiveCfg = Debug|Any CPU
		{DD186168-438D-46B4-80DD-83ACC96EE77A}.Debug|x86.Build.0 = Debug|Any CPU
		{DD186168-438D-46B4-80DD-83ACC96EE77A}.Release|Any CPU.ActiveCfg = Release|Any CPU
		{DD186168-438D-46B4-80DD-83ACC96EE77A}.Release|Any CPU.Build.0 = Release|Any CPU
		{DD186168-438D-46B4-80DD-83ACC96EE77A}.Release|x64.ActiveCfg = Release|Any CPU
		{DD186168-438D-46B4-80DD-83ACC96EE77A}.Release|x64.Build.0 = Release|Any CPU
		{DD186168-438D-46B4-80DD-83ACC96EE77A}.Release|x86.ActiveCfg = Release|Any CPU
		{DD186168-438D-46B4-80DD-83ACC96EE77A}.Release|x86.Build.0 = Release|Any CPU
		{C628564D-21E0-496B-884F-3F9DDAD4AB21}.Debug|Any CPU.ActiveCfg = Debug|Any CPU
		{C628564D-21E0-496B-884F-3F9DDAD4AB21}.Debug|Any CPU.Build.0 = Debug|Any CPU
		{C628564D-21E0-496B-884F-3F9DDAD4AB21}.Debug|x64.ActiveCfg = Debug|Any CPU
		{C628564D-21E0-496B-884F-3F9DDAD4AB21}.Debug|x64.Build.0 = Debug|Any CPU
		{C628564D-21E0-496B-884F-3F9DDAD4AB21}.Debug|x86.ActiveCfg = Debug|Any CPU
		{C628564D-21E0-496B-884F-3F9DDAD4AB21}.Debug|x86.Build.0 = Debug|Any CPU
		{C628564D-21E0-496B-884F-3F9DDAD4AB21}.Release|Any CPU.ActiveCfg = Release|Any CPU
		{C628564D-21E0-496B-884F-3F9DDAD4AB21}.Release|Any CPU.Build.0 = Release|Any CPU
		{C628564D-21E0-496B-884F-3F9DDAD4AB21}.Release|x64.ActiveCfg = Release|Any CPU
		{C628564D-21E0-496B-884F-3F9DDAD4AB21}.Release|x64.Build.0 = Release|Any CPU
		{C628564D-21E0-496B-884F-3F9DDAD4AB21}.Release|x86.ActiveCfg = Release|Any CPU
		{C628564D-21E0-496B-884F-3F9DDAD4AB21}.Release|x86.Build.0 = Release|Any CPU
		{C64CACF8-8910-4EA4-9979-A7A621A02EAB}.Debug|Any CPU.ActiveCfg = Debug|Any CPU
		{C64CACF8-8910-4EA4-9979-A7A621A02EAB}.Debug|Any CPU.Build.0 = Debug|Any CPU
		{C64CACF8-8910-4EA4-9979-A7A621A02EAB}.Debug|x64.ActiveCfg = Debug|Any CPU
		{C64CACF8-8910-4EA4-9979-A7A621A02EAB}.Debug|x64.Build.0 = Debug|Any CPU
		{C64CACF8-8910-4EA4-9979-A7A621A02EAB}.Debug|x86.ActiveCfg = Debug|Any CPU
		{C64CACF8-8910-4EA4-9979-A7A621A02EAB}.Debug|x86.Build.0 = Debug|Any CPU
		{C64CACF8-8910-4EA4-9979-A7A621A02EAB}.Release|Any CPU.ActiveCfg = Release|Any CPU
		{C64CACF8-8910-4EA4-9979-A7A621A02EAB}.Release|Any CPU.Build.0 = Release|Any CPU
		{C64CACF8-8910-4EA4-9979-A7A621A02EAB}.Release|x64.ActiveCfg = Release|Any CPU
		{C64CACF8-8910-4EA4-9979-A7A621A02EAB}.Release|x64.Build.0 = Release|Any CPU
		{C64CACF8-8910-4EA4-9979-A7A621A02EAB}.Release|x86.ActiveCfg = Release|Any CPU
		{C64CACF8-8910-4EA4-9979-A7A621A02EAB}.Release|x86.Build.0 = Release|Any CPU
		{03F48B50-50A8-4AF1-B213-6D1180A21598}.Debug|Any CPU.ActiveCfg = Debug|Any CPU
		{03F48B50-50A8-4AF1-B213-6D1180A21598}.Debug|Any CPU.Build.0 = Debug|Any CPU
		{03F48B50-50A8-4AF1-B213-6D1180A21598}.Debug|x64.ActiveCfg = Debug|Any CPU
		{03F48B50-50A8-4AF1-B213-6D1180A21598}.Debug|x64.Build.0 = Debug|Any CPU
		{03F48B50-50A8-4AF1-B213-6D1180A21598}.Debug|x86.ActiveCfg = Debug|Any CPU
		{03F48B50-50A8-4AF1-B213-6D1180A21598}.Debug|x86.Build.0 = Debug|Any CPU
		{03F48B50-50A8-4AF1-B213-6D1180A21598}.Release|Any CPU.ActiveCfg = Release|Any CPU
		{03F48B50-50A8-4AF1-B213-6D1180A21598}.Release|Any CPU.Build.0 = Release|Any CPU
		{03F48B50-50A8-4AF1-B213-6D1180A21598}.Release|x64.ActiveCfg = Release|Any CPU
		{03F48B50-50A8-4AF1-B213-6D1180A21598}.Release|x64.Build.0 = Release|Any CPU
		{03F48B50-50A8-4AF1-B213-6D1180A21598}.Release|x86.ActiveCfg = Release|Any CPU
		{03F48B50-50A8-4AF1-B213-6D1180A21598}.Release|x86.Build.0 = Release|Any CPU
		{ADA87ADE-C96A-49C4-940D-A1DFB52AB7BD}.Debug|Any CPU.ActiveCfg = Debug|Any CPU
		{ADA87ADE-C96A-49C4-940D-A1DFB52AB7BD}.Debug|Any CPU.Build.0 = Debug|Any CPU
		{ADA87ADE-C96A-49C4-940D-A1DFB52AB7BD}.Debug|x64.ActiveCfg = Debug|Any CPU
		{ADA87ADE-C96A-49C4-940D-A1DFB52AB7BD}.Debug|x64.Build.0 = Debug|Any CPU
		{ADA87ADE-C96A-49C4-940D-A1DFB52AB7BD}.Debug|x86.ActiveCfg = Debug|Any CPU
		{ADA87ADE-C96A-49C4-940D-A1DFB52AB7BD}.Debug|x86.Build.0 = Debug|Any CPU
		{ADA87ADE-C96A-49C4-940D-A1DFB52AB7BD}.Release|Any CPU.ActiveCfg = Release|Any CPU
		{ADA87ADE-C96A-49C4-940D-A1DFB52AB7BD}.Release|Any CPU.Build.0 = Release|Any CPU
		{ADA87ADE-C96A-49C4-940D-A1DFB52AB7BD}.Release|x64.ActiveCfg = Release|Any CPU
		{ADA87ADE-C96A-49C4-940D-A1DFB52AB7BD}.Release|x64.Build.0 = Release|Any CPU
		{ADA87ADE-C96A-49C4-940D-A1DFB52AB7BD}.Release|x86.ActiveCfg = Release|Any CPU
		{ADA87ADE-C96A-49C4-940D-A1DFB52AB7BD}.Release|x86.Build.0 = Release|Any CPU
		{DA276399-1CE9-4806-A8D6-6093D972FDDC}.Debug|Any CPU.ActiveCfg = Debug|Any CPU
		{DA276399-1CE9-4806-A8D6-6093D972FDDC}.Debug|Any CPU.Build.0 = Debug|Any CPU
		{DA276399-1CE9-4806-A8D6-6093D972FDDC}.Debug|x64.ActiveCfg = Debug|Any CPU
		{DA276399-1CE9-4806-A8D6-6093D972FDDC}.Debug|x64.Build.0 = Debug|Any CPU
		{DA276399-1CE9-4806-A8D6-6093D972FDDC}.Debug|x86.ActiveCfg = Debug|Any CPU
		{DA276399-1CE9-4806-A8D6-6093D972FDDC}.Debug|x86.Build.0 = Debug|Any CPU
		{DA276399-1CE9-4806-A8D6-6093D972FDDC}.Release|Any CPU.ActiveCfg = Release|Any CPU
		{DA276399-1CE9-4806-A8D6-6093D972FDDC}.Release|Any CPU.Build.0 = Release|Any CPU
		{DA276399-1CE9-4806-A8D6-6093D972FDDC}.Release|x64.ActiveCfg = Release|Any CPU
		{DA276399-1CE9-4806-A8D6-6093D972FDDC}.Release|x64.Build.0 = Release|Any CPU
		{DA276399-1CE9-4806-A8D6-6093D972FDDC}.Release|x86.ActiveCfg = Release|Any CPU
		{DA276399-1CE9-4806-A8D6-6093D972FDDC}.Release|x86.Build.0 = Release|Any CPU
		{B9709FE7-A999-4AE7-8D99-215722A4F906}.Debug|Any CPU.ActiveCfg = Debug|Any CPU
		{B9709FE7-A999-4AE7-8D99-215722A4F906}.Debug|Any CPU.Build.0 = Debug|Any CPU
		{B9709FE7-A999-4AE7-8D99-215722A4F906}.Debug|x64.ActiveCfg = Debug|Any CPU
		{B9709FE7-A999-4AE7-8D99-215722A4F906}.Debug|x64.Build.0 = Debug|Any CPU
		{B9709FE7-A999-4AE7-8D99-215722A4F906}.Debug|x86.ActiveCfg = Debug|Any CPU
		{B9709FE7-A999-4AE7-8D99-215722A4F906}.Debug|x86.Build.0 = Debug|Any CPU
		{B9709FE7-A999-4AE7-8D99-215722A4F906}.Release|Any CPU.ActiveCfg = Release|Any CPU
		{B9709FE7-A999-4AE7-8D99-215722A4F906}.Release|Any CPU.Build.0 = Release|Any CPU
		{B9709FE7-A999-4AE7-8D99-215722A4F906}.Release|x64.ActiveCfg = Release|Any CPU
		{B9709FE7-A999-4AE7-8D99-215722A4F906}.Release|x64.Build.0 = Release|Any CPU
		{B9709FE7-A999-4AE7-8D99-215722A4F906}.Release|x86.ActiveCfg = Release|Any CPU
		{B9709FE7-A999-4AE7-8D99-215722A4F906}.Release|x86.Build.0 = Release|Any CPU
		{DF86954B-E43D-456C-8C08-85900F7C2A0D}.Debug|Any CPU.ActiveCfg = Debug|Any CPU
		{DF86954B-E43D-456C-8C08-85900F7C2A0D}.Debug|Any CPU.Build.0 = Debug|Any CPU
		{DF86954B-E43D-456C-8C08-85900F7C2A0D}.Debug|x64.ActiveCfg = Debug|Any CPU
		{DF86954B-E43D-456C-8C08-85900F7C2A0D}.Debug|x64.Build.0 = Debug|Any CPU
		{DF86954B-E43D-456C-8C08-85900F7C2A0D}.Debug|x86.ActiveCfg = Debug|Any CPU
		{DF86954B-E43D-456C-8C08-85900F7C2A0D}.Debug|x86.Build.0 = Debug|Any CPU
		{DF86954B-E43D-456C-8C08-85900F7C2A0D}.Release|Any CPU.ActiveCfg = Release|Any CPU
		{DF86954B-E43D-456C-8C08-85900F7C2A0D}.Release|Any CPU.Build.0 = Release|Any CPU
		{DF86954B-E43D-456C-8C08-85900F7C2A0D}.Release|x64.ActiveCfg = Release|Any CPU
		{DF86954B-E43D-456C-8C08-85900F7C2A0D}.Release|x64.Build.0 = Release|Any CPU
		{DF86954B-E43D-456C-8C08-85900F7C2A0D}.Release|x86.ActiveCfg = Release|Any CPU
		{DF86954B-E43D-456C-8C08-85900F7C2A0D}.Release|x86.Build.0 = Release|Any CPU
		{0B358F7F-F76F-4BBD-97A4-590B6EC1467E}.Debug|Any CPU.ActiveCfg = Debug|Any CPU
		{0B358F7F-F76F-4BBD-97A4-590B6EC1467E}.Debug|Any CPU.Build.0 = Debug|Any CPU
		{0B358F7F-F76F-4BBD-97A4-590B6EC1467E}.Debug|x64.ActiveCfg = Debug|Any CPU
		{0B358F7F-F76F-4BBD-97A4-590B6EC1467E}.Debug|x64.Build.0 = Debug|Any CPU
		{0B358F7F-F76F-4BBD-97A4-590B6EC1467E}.Debug|x86.ActiveCfg = Debug|Any CPU
		{0B358F7F-F76F-4BBD-97A4-590B6EC1467E}.Debug|x86.Build.0 = Debug|Any CPU
		{0B358F7F-F76F-4BBD-97A4-590B6EC1467E}.Release|Any CPU.ActiveCfg = Release|Any CPU
		{0B358F7F-F76F-4BBD-97A4-590B6EC1467E}.Release|Any CPU.Build.0 = Release|Any CPU
		{0B358F7F-F76F-4BBD-97A4-590B6EC1467E}.Release|x64.ActiveCfg = Release|Any CPU
		{0B358F7F-F76F-4BBD-97A4-590B6EC1467E}.Release|x64.Build.0 = Release|Any CPU
		{0B358F7F-F76F-4BBD-97A4-590B6EC1467E}.Release|x86.ActiveCfg = Release|Any CPU
		{0B358F7F-F76F-4BBD-97A4-590B6EC1467E}.Release|x86.Build.0 = Release|Any CPU
		{FFCD1930-5E33-49CA-9F5B-CC47F6B50F43}.Debug|Any CPU.ActiveCfg = Debug|Any CPU
		{FFCD1930-5E33-49CA-9F5B-CC47F6B50F43}.Debug|Any CPU.Build.0 = Debug|Any CPU
		{FFCD1930-5E33-49CA-9F5B-CC47F6B50F43}.Debug|x64.ActiveCfg = Debug|Any CPU
		{FFCD1930-5E33-49CA-9F5B-CC47F6B50F43}.Debug|x64.Build.0 = Debug|Any CPU
		{FFCD1930-5E33-49CA-9F5B-CC47F6B50F43}.Debug|x86.ActiveCfg = Debug|Any CPU
		{FFCD1930-5E33-49CA-9F5B-CC47F6B50F43}.Debug|x86.Build.0 = Debug|Any CPU
		{FFCD1930-5E33-49CA-9F5B-CC47F6B50F43}.Release|Any CPU.ActiveCfg = Release|Any CPU
		{FFCD1930-5E33-49CA-9F5B-CC47F6B50F43}.Release|Any CPU.Build.0 = Release|Any CPU
		{FFCD1930-5E33-49CA-9F5B-CC47F6B50F43}.Release|x64.ActiveCfg = Release|Any CPU
		{FFCD1930-5E33-49CA-9F5B-CC47F6B50F43}.Release|x64.Build.0 = Release|Any CPU
		{FFCD1930-5E33-49CA-9F5B-CC47F6B50F43}.Release|x86.ActiveCfg = Release|Any CPU
		{FFCD1930-5E33-49CA-9F5B-CC47F6B50F43}.Release|x86.Build.0 = Release|Any CPU
	EndGlobalSection
	GlobalSection(SolutionProperties) = preSolution
		HideSolutionNode = FALSE
	EndGlobalSection
	GlobalSection(NestedProjects) = preSolution
		{725FE97F-F9E1-4371-B780-2DB028F89298} = {18E49D60-084F-4197-B957-FBC7FD25F605}
		{A4054381-716C-4E21-8584-CB411F47AB48} = {18E49D60-084F-4197-B957-FBC7FD25F605}
		{AE1954A2-3239-4AC8-81D4-81D1D5B4ACFF} = {18E49D60-084F-4197-B957-FBC7FD25F605}
		{772FF8F5-495C-4530-99B2-C22D63941A17} = {18E49D60-084F-4197-B957-FBC7FD25F605}
		{EFC707D8-BF58-4BB8-A538-4274736EFA30} = {18E49D60-084F-4197-B957-FBC7FD25F605}
		{F2BA195D-8A27-4A50-990B-30DC30CE49D1} = {18E49D60-084F-4197-B957-FBC7FD25F605}
		{ED7FC2CF-E281-452A-971D-84763BE24B30} = {18E49D60-084F-4197-B957-FBC7FD25F605}
		{3F9176C7-FF23-4E83-A61A-1B84C22CECDB} = {18E49D60-084F-4197-B957-FBC7FD25F605}
		{3D5BBE52-1772-470E-B9B1-F60466AF2F26} = {18E49D60-084F-4197-B957-FBC7FD25F605}
		{C6BBC19B-F8A0-4C6A-A9ED-6CCCFE1AA3F1} = {18E49D60-084F-4197-B957-FBC7FD25F605}
		{891FBBE1-92C8-4A58-92B5-0A7D37A197F9} = {18E49D60-084F-4197-B957-FBC7FD25F605}
		{BB9A7248-CC2C-4D0E-BDB8-C8FFC29D2298} = {18E49D60-084F-4197-B957-FBC7FD25F605}
		{D56ABB45-9B10-4C39-B955-58FBF75C3C0B} = {18E49D60-084F-4197-B957-FBC7FD25F605}
		{89CF5A5F-A27B-46C4-BBAA-95A92593671A} = {18E49D60-084F-4197-B957-FBC7FD25F605}
		{65A538A6-CF79-4AE0-966D-7FE7B6E848AC} = {18E49D60-084F-4197-B957-FBC7FD25F605}
		{309EAC5D-A272-4AC5-8EB9-D71BC0003759} = {18E49D60-084F-4197-B957-FBC7FD25F605}
		{84F0063B-B46D-4977-8BED-69A1325204B5} = {18E49D60-084F-4197-B957-FBC7FD25F605}
		{679B52C7-FBBE-4353-AE48-29ECB3F32717} = {18E49D60-084F-4197-B957-FBC7FD25F605}
		{38E2892A-95B1-4752-A03A-79921135EDE0} = {18E49D60-084F-4197-B957-FBC7FD25F605}
		{B2BA65E1-9922-47BA-8BE2-D99F6641BB7D} = {18E49D60-084F-4197-B957-FBC7FD25F605}
		{B9CA0505-E5D3-4D79-9C2F-AA5C7CDA9A36} = {18E49D60-084F-4197-B957-FBC7FD25F605}
		{DD186168-438D-46B4-80DD-83ACC96EE77A} = {18E49D60-084F-4197-B957-FBC7FD25F605}
		{C628564D-21E0-496B-884F-3F9DDAD4AB21} = {18E49D60-084F-4197-B957-FBC7FD25F605}
		{C64CACF8-8910-4EA4-9979-A7A621A02EAB} = {18E49D60-084F-4197-B957-FBC7FD25F605}
		{03F48B50-50A8-4AF1-B213-6D1180A21598} = {18E49D60-084F-4197-B957-FBC7FD25F605}
		{ADA87ADE-C96A-49C4-940D-A1DFB52AB7BD} = {18E49D60-084F-4197-B957-FBC7FD25F605}
		{DA276399-1CE9-4806-A8D6-6093D972FDDC} = {18E49D60-084F-4197-B957-FBC7FD25F605}
		{B9709FE7-A999-4AE7-8D99-215722A4F906} = {18E49D60-084F-4197-B957-FBC7FD25F605}
		{DF86954B-E43D-456C-8C08-85900F7C2A0D} = {18E49D60-084F-4197-B957-FBC7FD25F605}
		{0B358F7F-F76F-4BBD-97A4-590B6EC1467E} = {18E49D60-084F-4197-B957-FBC7FD25F605}
		{FFCD1930-5E33-49CA-9F5B-CC47F6B50F43} = {18E49D60-084F-4197-B957-FBC7FD25F605}
	EndGlobalSection
	GlobalSection(ExtensibilityGlobals) = postSolution
		SolutionGuid = {616EB672-FB4D-4BED-818A-E4DED28401FF}
	EndGlobalSection
EndGlobal
